
Microsoft Visual Studio Solution File, Format Version 12.00
# Visual Studio Version 17
VisualStudioVersion = 17.8.34408.163
MinimumVisualStudioVersion = 10.0.40219.1
Project("{8BC9CEB8-8B4A-11D0-8D11-00A0C91BC942}") = "240521_원형순열에서의인원제거", "240521_원형순열에서의인원제거\240521_원형순열에서의인원제거.vcxproj", "{23A9D1A5-9CCB-455F-BADA-C3119C058458}"
EndProject
Project("{8BC9CEB8-8B4A-11D0-8D11-00A0C91BC942}") = "240522_수열조작", "240522_수열조작\240522_수열조작.vcxproj", "{EB2CAA82-5AAB-4D9A-8B5C-929978B5D7F6}"
EndProject
Project("{8BC9CEB8-8B4A-11D0-8D11-00A0C91BC942}") = "240523_덱STL", "240523_덱STL\240523_덱STL.vcxproj", "{FF44754D-B47B-428F-8685-E405CC9C5B56}"
EndProject
Project("{8BC9CEB8-8B4A-11D0-8D11-00A0C91BC942}") = "240524_Memoization", "240524_Memoization\240524_Memoization.vcxproj", "{D506540D-505B-42DA-9458-C8E1BB0ECCD5}"
EndProject
Project("{8BC9CEB8-8B4A-11D0-8D11-00A0C91BC942}") = "240525_재귀함수를이용한최소공배수", "240525_재귀함수를이용한최소공배수\240525_재귀함수를이용한최소공배수.vcxproj", "{83F84182-9466-43FB-B6C3-EB150C5E7CD6}"
EndProject
Project("{8BC9CEB8-8B4A-11D0-8D11-00A0C91BC942}") = "240526_파도반수열", "240526_파도반수열\240526_파도반수열.vcxproj", "{92BC0608-0547-4CBA-8FB9-46D8FF72C670}"
EndProject
Global
	GlobalSection(SolutionConfigurationPlatforms) = preSolution
		Debug|x64 = Debug|x64
		Debug|x86 = Debug|x86
		Release|x64 = Release|x64
		Release|x86 = Release|x86
	EndGlobalSection
	GlobalSection(ProjectConfigurationPlatforms) = postSolution
		{23A9D1A5-9CCB-455F-BADA-C3119C058458}.Debug|x64.ActiveCfg = Debug|x64
		{23A9D1A5-9CCB-455F-BADA-C3119C058458}.Debug|x64.Build.0 = Debug|x64
		{23A9D1A5-9CCB-455F-BADA-C3119C058458}.Debug|x86.ActiveCfg = Debug|Win32
		{23A9D1A5-9CCB-455F-BADA-C3119C058458}.Debug|x86.Build.0 = Debug|Win32
		{23A9D1A5-9CCB-455F-BADA-C3119C058458}.Release|x64.ActiveCfg = Release|x64
		{23A9D1A5-9CCB-455F-BADA-C3119C058458}.Release|x64.Build.0 = Release|x64
		{23A9D1A5-9CCB-455F-BADA-C3119C058458}.Release|x86.ActiveCfg = Release|Win32
		{23A9D1A5-9CCB-455F-BADA-C3119C058458}.Release|x86.Build.0 = Release|Win32
		{EB2CAA82-5AAB-4D9A-8B5C-929978B5D7F6}.Debug|x64.ActiveCfg = Debug|x64
		{EB2CAA82-5AAB-4D9A-8B5C-929978B5D7F6}.Debug|x64.Build.0 = Debug|x64
		{EB2CAA82-5AAB-4D9A-8B5C-929978B5D7F6}.Debug|x86.ActiveCfg = Debug|Win32
		{EB2CAA82-5AAB-4D9A-8B5C-929978B5D7F6}.Debug|x86.Build.0 = Debug|Win32
		{EB2CAA82-5AAB-4D9A-8B5C-929978B5D7F6}.Release|x64.ActiveCfg = Release|x64
		{EB2CAA82-5AAB-4D9A-8B5C-929978B5D7F6}.Release|x64.Build.0 = Release|x64
		{EB2CAA82-5AAB-4D9A-8B5C-929978B5D7F6}.Release|x86.ActiveCfg = Release|Win32
		{EB2CAA82-5AAB-4D9A-8B5C-929978B5D7F6}.Release|x86.Build.0 = Release|Win32
		{FF44754D-B47B-428F-8685-E405CC9C5B56}.Debug|x64.ActiveCfg = Debug|x64
		{FF44754D-B47B-428F-8685-E405CC9C5B56}.Debug|x64.Build.0 = Debug|x64
		{FF44754D-B47B-428F-8685-E405CC9C5B56}.Debug|x86.ActiveCfg = Debug|Win32
		{FF44754D-B47B-428F-8685-E405CC9C5B56}.Debug|x86.Build.0 = Debug|Win32
		{FF44754D-B47B-428F-8685-E405CC9C5B56}.Release|x64.ActiveCfg = Release|x64
		{FF44754D-B47B-428F-8685-E405CC9C5B56}.Release|x64.Build.0 = Release|x64
		{FF44754D-B47B-428F-8685-E405CC9C5B56}.Release|x86.ActiveCfg = Release|Win32
		{FF44754D-B47B-428F-8685-E405CC9C5B56}.Release|x86.Build.0 = Release|Win32
		{D506540D-505B-42DA-9458-C8E1BB0ECCD5}.Debug|x64.ActiveCfg = Debug|x64
		{D506540D-505B-42DA-9458-C8E1BB0ECCD5}.Debug|x64.Build.0 = Debug|x64
		{D506540D-505B-42DA-9458-C8E1BB0ECCD5}.Debug|x86.ActiveCfg = Debug|Win32
		{D506540D-505B-42DA-9458-C8E1BB0ECCD5}.Debug|x86.Build.0 = Debug|Win32
		{D506540D-505B-42DA-9458-C8E1BB0ECCD5}.Release|x64.ActiveCfg = Release|x64
		{D506540D-505B-42DA-9458-C8E1BB0ECCD5}.Release|x64.Build.0 = Release|x64
		{D506540D-505B-42DA-9458-C8E1BB0ECCD5}.Release|x86.ActiveCfg = Release|Win32
		{D506540D-505B-42DA-9458-C8E1BB0ECCD5}.Release|x86.Build.0 = Release|Win32
		{83F84182-9466-43FB-B6C3-EB150C5E7CD6}.Debug|x64.ActiveCfg = Debug|x64
		{83F84182-9466-43FB-B6C3-EB150C5E7CD6}.Debug|x64.Build.0 = Debug|x64
		{83F84182-9466-43FB-B6C3-EB150C5E7CD6}.Debug|x86.ActiveCfg = Debug|Win32
		{83F84182-9466-43FB-B6C3-EB150C5E7CD6}.Debug|x86.Build.0 = Debug|Win32
		{83F84182-9466-43FB-B6C3-EB150C5E7CD6}.Release|x64.ActiveCfg = Release|x64
		{83F84182-9466-43FB-B6C3-EB150C5E7CD6}.Release|x64.Build.0 = Release|x64
		{83F84182-9466-43FB-B6C3-EB150C5E7CD6}.Release|x86.ActiveCfg = Release|Win32
		{83F84182-9466-43FB-B6C3-EB150C5E7CD6}.Release|x86.Build.0 = Release|Win32
		{92BC0608-0547-4CBA-8FB9-46D8FF72C670}.Debug|x64.ActiveCfg = Debug|x64
		{92BC0608-0547-4CBA-8FB9-46D8FF72C670}.Debug|x64.Build.0 = Debug|x64
		{92BC0608-0547-4CBA-8FB9-46D8FF72C670}.Debug|x86.ActiveCfg = Debug|Win32
		{92BC0608-0547-4CBA-8FB9-46D8FF72C670}.Debug|x86.Build.0 = Debug|Win32
		{92BC0608-0547-4CBA-8FB9-46D8FF72C670}.Release|x64.ActiveCfg = Release|x64
		{92BC0608-0547-4CBA-8FB9-46D8FF72C670}.Release|x64.Build.0 = Release|x64
		{92BC0608-0547-4CBA-8FB9-46D8FF72C670}.Release|x86.ActiveCfg = Release|Win32
		{92BC0608-0547-4CBA-8FB9-46D8FF72C670}.Release|x86.Build.0 = Release|Win32
	EndGlobalSection
	GlobalSection(SolutionProperties) = preSolution
		HideSolutionNode = FALSE
	EndGlobalSection
	GlobalSection(ExtensibilityGlobals) = postSolution
		SolutionGuid = {78CE953A-BBF9-478F-B03D-86E23AA560E8}
	EndGlobalSection
EndGlobal
