
Microsoft Visual Studio Solution File, Format Version 12.00
# Visual Studio Version 17
VisualStudioVersion = 17.8.34408.163
MinimumVisualStudioVersion = 10.0.40219.1
Project("{8BC9CEB8-8B4A-11D0-8D11-00A0C91BC942}") = "240521_원형순열에서의인원제거", "240521_원형순열에서의인원제거\240521_원형순열에서의인원제거.vcxproj", "{23A9D1A5-9CCB-455F-BADA-C3119C058458}"
EndProject
Project("{8BC9CEB8-8B4A-11D0-8D11-00A0C91BC942}") = "240522_수열조작", "240522_수열조작\240522_수열조작.vcxproj", "{EB2CAA82-5AAB-4D9A-8B5C-929978B5D7F6}"
EndProject
Project("{8BC9CEB8-8B4A-11D0-8D11-00A0C91BC942}") = "240523_덱STL", "240523_덱STL\240523_덱STL.vcxproj", "{FF44754D-B47B-428F-8685-E405CC9C5B56}"
EndProject
Project("{8BC9CEB8-8B4A-11D0-8D11-00A0C91BC942}") = "240524_Memoization", "240524_Memoization\240524_Memoization.vcxproj", "{D506540D-505B-42DA-9458-C8E1BB0ECCD5}"
EndProject
Project("{8BC9CEB8-8B4A-11D0-8D11-00A0C91BC942}") = "240525_재귀함수를이용한최소공배수", "240525_재귀함수를이용한최소공배수\240525_재귀함수를이용한최소공배수.vcxproj", "{83F84182-9466-43FB-B6C3-EB150C5E7CD6}"
EndProject
Project("{8BC9CEB8-8B4A-11D0-8D11-00A0C91BC942}") = "240526_파도반수열", "240526_파도반수열\240526_파도반수열.vcxproj", "{92BC0608-0547-4CBA-8FB9-46D8FF72C670}"
EndProject
Project("{8BC9CEB8-8B4A-11D0-8D11-00A0C91BC942}") = "240528_타일채우기", "240528_타일채우기\240528_타일채우기.vcxproj", "{26342A9A-E19F-4F79-82FB-5C8F1D38E4A8}"
EndProject
Project("{8BC9CEB8-8B4A-11D0-8D11-00A0C91BC942}") = "240529_황금비율토스트", "240529_황금비율토스트\240529_황금비율토스트.vcxproj", "{147924F1-E9A9-4E25-AE41-0908B21BE790}"
EndProject
Project("{8BC9CEB8-8B4A-11D0-8D11-00A0C91BC942}") = "240531_최대힙", "240531_최대힙\240531_최대힙.vcxproj", "{09E005FB-10B2-40DD-8937-422FFF733D53}"
EndProject
Project("{8BC9CEB8-8B4A-11D0-8D11-00A0C91BC942}") = "240601_가장긴증가하는부분수열", "240601_가장긴증가하는부분수열\240601_가장긴증가하는부분수열.vcxproj", "{084C7092-89F2-44F3-86B4-2F1B30F8A1E5}"
EndProject
Project("{8BC9CEB8-8B4A-11D0-8D11-00A0C91BC942}") = "240602_Knapsack", "240602_Knapsack\240602_Knapsack.vcxproj", "{30A0B818-7E14-47F0-86E3-67AAA0E85318}"
EndProject
Project("{8BC9CEB8-8B4A-11D0-8D11-00A0C91BC942}") = "240603_표절검사", "240603_표절검사\240603_표절검사.vcxproj", "{C712D996-9F59-4A3F-974B-26AA011D14C8}"
EndProject
Project("{8BC9CEB8-8B4A-11D0-8D11-00A0C91BC942}") = "240604_EditDistance2", "240604_EditDistance2\240604_EditDistance2.vcxproj", "{E6116477-9DF6-4E33-A5E4-D2A027D0B43A}"
EndProject
Project("{8BC9CEB8-8B4A-11D0-8D11-00A0C91BC942}") = "240605_FractionKnapsack", "240605_FractionKnapsack\240605_FractionKnapsack.vcxproj", "{60924AE4-95EE-437D-BF6F-431619F4D744}"
EndProject
Project("{8BC9CEB8-8B4A-11D0-8D11-00A0C91BC942}") = "240606_달팽이숫자문제", "240606_달팽이숫자문제\240606_달팽이숫자문제.vcxproj", "{841504BD-5256-4873-9D43-EADD53829308}"
EndProject
Project("{8BC9CEB8-8B4A-11D0-8D11-00A0C91BC942}") = "240607_배낭채우기2", "240607_배낭채우기2\240607_배낭채우기2.vcxproj", "{BAF1B835-0D6A-4B7E-A527-C1F924D698E0}"
EndProject
Project("{8BC9CEB8-8B4A-11D0-8D11-00A0C91BC942}") = "240608_DFS", "240608_DFS\240608_DFS.vcxproj", "{E3DFB3D1-AD9C-4617-8543-31A938049BA4}"
EndProject
Project("{8BC9CEB8-8B4A-11D0-8D11-00A0C91BC942}") = "240609_BFS", "240609_BFS\240609_BFS.vcxproj", "{88C9A239-A839-40F7-81C8-BD3594EECA71}"
EndProject
Project("{8BC9CEB8-8B4A-11D0-8D11-00A0C91BC942}") = "240610_Dijkstra", "240610_Dijkstra\240610_Dijkstra.vcxproj", "{DC3548A2-9406-4E0F-9E6B-3AF1E2979DE1}"
EndProject
Project("{8BC9CEB8-8B4A-11D0-8D11-00A0C91BC942}") = "240611_FloydWarshall", "240611_FloydWarshall\240611_FloydWarshall.vcxproj", "{49362A14-47CA-4E9A-BAA4-257B44F4EA06}"
EndProject
Project("{8BC9CEB8-8B4A-11D0-8D11-00A0C91BC942}") = "240612_Kruskal", "240612_Kruskal\240612_Kruskal.vcxproj", "{3847EFC4-3D07-4F2D-B022-85280B5FD35E}"
EndProject
Project("{8BC9CEB8-8B4A-11D0-8D11-00A0C91BC942}") = "240613_Prim", "240613_Prim\240613_Prim.vcxproj", "{358C25B0-0C4A-4A5C-830E-F3C281D10F69}"
EndProject
Project("{8BC9CEB8-8B4A-11D0-8D11-00A0C91BC942}") = "240614_TopologicalSortDFS", "240614_TopologicalSortDFS\240614_TopologicalSortDFS.vcxproj", "{66793ED8-58FD-4BE2-A729-98058AA41A6F}"
EndProject
Project("{8BC9CEB8-8B4A-11D0-8D11-00A0C91BC942}") = "240615_TopologicalSortIn-Degree", "240615_TopologicalSortIn-Degree\240615_TopologicalSortIn-Degree.vcxproj", "{13BCD9C0-F008-4105-BEF9-260D863EA9B6}"
EndProject
Project("{8BC9CEB8-8B4A-11D0-8D11-00A0C91BC942}") = "240616_최고의33위치", "240616_최고의33위치\240616_최고의33위치.vcxproj", "{00ACF2F7-F09D-4B9D-A89C-257374766C70}"
EndProject
Project("{8BC9CEB8-8B4A-11D0-8D11-00A0C91BC942}") = "240618_행복한수열의개수", "240618_행복한수열의개수\240618_행복한수열의개수.vcxproj", "{4B16DA1B-78CE-45BE-9B38-79022F06585B}"
EndProject
Project("{8BC9CEB8-8B4A-11D0-8D11-00A0C91BC942}") = "240619_트로미노", "240619_트로미노\240619_트로미노.vcxproj", "{16B3C790-1057-472C-B384-E7FAD6BA179B}"
EndProject
Global
	GlobalSection(SolutionConfigurationPlatforms) = preSolution
		Debug|x64 = Debug|x64
		Debug|x86 = Debug|x86
		Release|x64 = Release|x64
		Release|x86 = Release|x86
	EndGlobalSection
	GlobalSection(ProjectConfigurationPlatforms) = postSolution
		{23A9D1A5-9CCB-455F-BADA-C3119C058458}.Debug|x64.ActiveCfg = Debug|x64
		{23A9D1A5-9CCB-455F-BADA-C3119C058458}.Debug|x64.Build.0 = Debug|x64
		{23A9D1A5-9CCB-455F-BADA-C3119C058458}.Debug|x86.ActiveCfg = Debug|Win32
		{23A9D1A5-9CCB-455F-BADA-C3119C058458}.Debug|x86.Build.0 = Debug|Win32
		{23A9D1A5-9CCB-455F-BADA-C3119C058458}.Release|x64.ActiveCfg = Release|x64
		{23A9D1A5-9CCB-455F-BADA-C3119C058458}.Release|x64.Build.0 = Release|x64
		{23A9D1A5-9CCB-455F-BADA-C3119C058458}.Release|x86.ActiveCfg = Release|Win32
		{23A9D1A5-9CCB-455F-BADA-C3119C058458}.Release|x86.Build.0 = Release|Win32
		{EB2CAA82-5AAB-4D9A-8B5C-929978B5D7F6}.Debug|x64.ActiveCfg = Debug|x64
		{EB2CAA82-5AAB-4D9A-8B5C-929978B5D7F6}.Debug|x64.Build.0 = Debug|x64
		{EB2CAA82-5AAB-4D9A-8B5C-929978B5D7F6}.Debug|x86.ActiveCfg = Debug|Win32
		{EB2CAA82-5AAB-4D9A-8B5C-929978B5D7F6}.Debug|x86.Build.0 = Debug|Win32
		{EB2CAA82-5AAB-4D9A-8B5C-929978B5D7F6}.Release|x64.ActiveCfg = Release|x64
		{EB2CAA82-5AAB-4D9A-8B5C-929978B5D7F6}.Release|x64.Build.0 = Release|x64
		{EB2CAA82-5AAB-4D9A-8B5C-929978B5D7F6}.Release|x86.ActiveCfg = Release|Win32
		{EB2CAA82-5AAB-4D9A-8B5C-929978B5D7F6}.Release|x86.Build.0 = Release|Win32
		{FF44754D-B47B-428F-8685-E405CC9C5B56}.Debug|x64.ActiveCfg = Debug|x64
		{FF44754D-B47B-428F-8685-E405CC9C5B56}.Debug|x64.Build.0 = Debug|x64
		{FF44754D-B47B-428F-8685-E405CC9C5B56}.Debug|x86.ActiveCfg = Debug|Win32
		{FF44754D-B47B-428F-8685-E405CC9C5B56}.Debug|x86.Build.0 = Debug|Win32
		{FF44754D-B47B-428F-8685-E405CC9C5B56}.Release|x64.ActiveCfg = Release|x64
		{FF44754D-B47B-428F-8685-E405CC9C5B56}.Release|x64.Build.0 = Release|x64
		{FF44754D-B47B-428F-8685-E405CC9C5B56}.Release|x86.ActiveCfg = Release|Win32
		{FF44754D-B47B-428F-8685-E405CC9C5B56}.Release|x86.Build.0 = Release|Win32
		{D506540D-505B-42DA-9458-C8E1BB0ECCD5}.Debug|x64.ActiveCfg = Debug|x64
		{D506540D-505B-42DA-9458-C8E1BB0ECCD5}.Debug|x64.Build.0 = Debug|x64
		{D506540D-505B-42DA-9458-C8E1BB0ECCD5}.Debug|x86.ActiveCfg = Debug|Win32
		{D506540D-505B-42DA-9458-C8E1BB0ECCD5}.Debug|x86.Build.0 = Debug|Win32
		{D506540D-505B-42DA-9458-C8E1BB0ECCD5}.Release|x64.ActiveCfg = Release|x64
		{D506540D-505B-42DA-9458-C8E1BB0ECCD5}.Release|x64.Build.0 = Release|x64
		{D506540D-505B-42DA-9458-C8E1BB0ECCD5}.Release|x86.ActiveCfg = Release|Win32
		{D506540D-505B-42DA-9458-C8E1BB0ECCD5}.Release|x86.Build.0 = Release|Win32
		{83F84182-9466-43FB-B6C3-EB150C5E7CD6}.Debug|x64.ActiveCfg = Debug|x64
		{83F84182-9466-43FB-B6C3-EB150C5E7CD6}.Debug|x64.Build.0 = Debug|x64
		{83F84182-9466-43FB-B6C3-EB150C5E7CD6}.Debug|x86.ActiveCfg = Debug|Win32
		{83F84182-9466-43FB-B6C3-EB150C5E7CD6}.Debug|x86.Build.0 = Debug|Win32
		{83F84182-9466-43FB-B6C3-EB150C5E7CD6}.Release|x64.ActiveCfg = Release|x64
		{83F84182-9466-43FB-B6C3-EB150C5E7CD6}.Release|x64.Build.0 = Release|x64
		{83F84182-9466-43FB-B6C3-EB150C5E7CD6}.Release|x86.ActiveCfg = Release|Win32
		{83F84182-9466-43FB-B6C3-EB150C5E7CD6}.Release|x86.Build.0 = Release|Win32
		{92BC0608-0547-4CBA-8FB9-46D8FF72C670}.Debug|x64.ActiveCfg = Debug|x64
		{92BC0608-0547-4CBA-8FB9-46D8FF72C670}.Debug|x64.Build.0 = Debug|x64
		{92BC0608-0547-4CBA-8FB9-46D8FF72C670}.Debug|x86.ActiveCfg = Debug|Win32
		{92BC0608-0547-4CBA-8FB9-46D8FF72C670}.Debug|x86.Build.0 = Debug|Win32
		{92BC0608-0547-4CBA-8FB9-46D8FF72C670}.Release|x64.ActiveCfg = Release|x64
		{92BC0608-0547-4CBA-8FB9-46D8FF72C670}.Release|x64.Build.0 = Release|x64
		{92BC0608-0547-4CBA-8FB9-46D8FF72C670}.Release|x86.ActiveCfg = Release|Win32
		{92BC0608-0547-4CBA-8FB9-46D8FF72C670}.Release|x86.Build.0 = Release|Win32
		{26342A9A-E19F-4F79-82FB-5C8F1D38E4A8}.Debug|x64.ActiveCfg = Debug|x64
		{26342A9A-E19F-4F79-82FB-5C8F1D38E4A8}.Debug|x64.Build.0 = Debug|x64
		{26342A9A-E19F-4F79-82FB-5C8F1D38E4A8}.Debug|x86.ActiveCfg = Debug|Win32
		{26342A9A-E19F-4F79-82FB-5C8F1D38E4A8}.Debug|x86.Build.0 = Debug|Win32
		{26342A9A-E19F-4F79-82FB-5C8F1D38E4A8}.Release|x64.ActiveCfg = Release|x64
		{26342A9A-E19F-4F79-82FB-5C8F1D38E4A8}.Release|x64.Build.0 = Release|x64
		{26342A9A-E19F-4F79-82FB-5C8F1D38E4A8}.Release|x86.ActiveCfg = Release|Win32
		{26342A9A-E19F-4F79-82FB-5C8F1D38E4A8}.Release|x86.Build.0 = Release|Win32
		{147924F1-E9A9-4E25-AE41-0908B21BE790}.Debug|x64.ActiveCfg = Debug|x64
		{147924F1-E9A9-4E25-AE41-0908B21BE790}.Debug|x64.Build.0 = Debug|x64
		{147924F1-E9A9-4E25-AE41-0908B21BE790}.Debug|x86.ActiveCfg = Debug|Win32
		{147924F1-E9A9-4E25-AE41-0908B21BE790}.Debug|x86.Build.0 = Debug|Win32
		{147924F1-E9A9-4E25-AE41-0908B21BE790}.Release|x64.ActiveCfg = Release|x64
		{147924F1-E9A9-4E25-AE41-0908B21BE790}.Release|x64.Build.0 = Release|x64
		{147924F1-E9A9-4E25-AE41-0908B21BE790}.Release|x86.ActiveCfg = Release|Win32
		{147924F1-E9A9-4E25-AE41-0908B21BE790}.Release|x86.Build.0 = Release|Win32
		{09E005FB-10B2-40DD-8937-422FFF733D53}.Debug|x64.ActiveCfg = Debug|x64
		{09E005FB-10B2-40DD-8937-422FFF733D53}.Debug|x64.Build.0 = Debug|x64
		{09E005FB-10B2-40DD-8937-422FFF733D53}.Debug|x86.ActiveCfg = Debug|Win32
		{09E005FB-10B2-40DD-8937-422FFF733D53}.Debug|x86.Build.0 = Debug|Win32
		{09E005FB-10B2-40DD-8937-422FFF733D53}.Release|x64.ActiveCfg = Release|x64
		{09E005FB-10B2-40DD-8937-422FFF733D53}.Release|x64.Build.0 = Release|x64
		{09E005FB-10B2-40DD-8937-422FFF733D53}.Release|x86.ActiveCfg = Release|Win32
		{09E005FB-10B2-40DD-8937-422FFF733D53}.Release|x86.Build.0 = Release|Win32
		{084C7092-89F2-44F3-86B4-2F1B30F8A1E5}.Debug|x64.ActiveCfg = Debug|x64
		{084C7092-89F2-44F3-86B4-2F1B30F8A1E5}.Debug|x64.Build.0 = Debug|x64
		{084C7092-89F2-44F3-86B4-2F1B30F8A1E5}.Debug|x86.ActiveCfg = Debug|Win32
		{084C7092-89F2-44F3-86B4-2F1B30F8A1E5}.Debug|x86.Build.0 = Debug|Win32
		{084C7092-89F2-44F3-86B4-2F1B30F8A1E5}.Release|x64.ActiveCfg = Release|x64
		{084C7092-89F2-44F3-86B4-2F1B30F8A1E5}.Release|x64.Build.0 = Release|x64
		{084C7092-89F2-44F3-86B4-2F1B30F8A1E5}.Release|x86.ActiveCfg = Release|Win32
		{084C7092-89F2-44F3-86B4-2F1B30F8A1E5}.Release|x86.Build.0 = Release|Win32
		{30A0B818-7E14-47F0-86E3-67AAA0E85318}.Debug|x64.ActiveCfg = Debug|x64
		{30A0B818-7E14-47F0-86E3-67AAA0E85318}.Debug|x64.Build.0 = Debug|x64
		{30A0B818-7E14-47F0-86E3-67AAA0E85318}.Debug|x86.ActiveCfg = Debug|Win32
		{30A0B818-7E14-47F0-86E3-67AAA0E85318}.Debug|x86.Build.0 = Debug|Win32
		{30A0B818-7E14-47F0-86E3-67AAA0E85318}.Release|x64.ActiveCfg = Release|x64
		{30A0B818-7E14-47F0-86E3-67AAA0E85318}.Release|x64.Build.0 = Release|x64
		{30A0B818-7E14-47F0-86E3-67AAA0E85318}.Release|x86.ActiveCfg = Release|Win32
		{30A0B818-7E14-47F0-86E3-67AAA0E85318}.Release|x86.Build.0 = Release|Win32
		{C712D996-9F59-4A3F-974B-26AA011D14C8}.Debug|x64.ActiveCfg = Debug|x64
		{C712D996-9F59-4A3F-974B-26AA011D14C8}.Debug|x64.Build.0 = Debug|x64
		{C712D996-9F59-4A3F-974B-26AA011D14C8}.Debug|x86.ActiveCfg = Debug|Win32
		{C712D996-9F59-4A3F-974B-26AA011D14C8}.Debug|x86.Build.0 = Debug|Win32
		{C712D996-9F59-4A3F-974B-26AA011D14C8}.Release|x64.ActiveCfg = Release|x64
		{C712D996-9F59-4A3F-974B-26AA011D14C8}.Release|x64.Build.0 = Release|x64
		{C712D996-9F59-4A3F-974B-26AA011D14C8}.Release|x86.ActiveCfg = Release|Win32
		{C712D996-9F59-4A3F-974B-26AA011D14C8}.Release|x86.Build.0 = Release|Win32
		{E6116477-9DF6-4E33-A5E4-D2A027D0B43A}.Debug|x64.ActiveCfg = Debug|x64
		{E6116477-9DF6-4E33-A5E4-D2A027D0B43A}.Debug|x64.Build.0 = Debug|x64
		{E6116477-9DF6-4E33-A5E4-D2A027D0B43A}.Debug|x86.ActiveCfg = Debug|Win32
		{E6116477-9DF6-4E33-A5E4-D2A027D0B43A}.Debug|x86.Build.0 = Debug|Win32
		{E6116477-9DF6-4E33-A5E4-D2A027D0B43A}.Release|x64.ActiveCfg = Release|x64
		{E6116477-9DF6-4E33-A5E4-D2A027D0B43A}.Release|x64.Build.0 = Release|x64
		{E6116477-9DF6-4E33-A5E4-D2A027D0B43A}.Release|x86.ActiveCfg = Release|Win32
		{E6116477-9DF6-4E33-A5E4-D2A027D0B43A}.Release|x86.Build.0 = Release|Win32
		{60924AE4-95EE-437D-BF6F-431619F4D744}.Debug|x64.ActiveCfg = Debug|x64
		{60924AE4-95EE-437D-BF6F-431619F4D744}.Debug|x64.Build.0 = Debug|x64
		{60924AE4-95EE-437D-BF6F-431619F4D744}.Debug|x86.ActiveCfg = Debug|Win32
		{60924AE4-95EE-437D-BF6F-431619F4D744}.Debug|x86.Build.0 = Debug|Win32
		{60924AE4-95EE-437D-BF6F-431619F4D744}.Release|x64.ActiveCfg = Release|x64
		{60924AE4-95EE-437D-BF6F-431619F4D744}.Release|x64.Build.0 = Release|x64
		{60924AE4-95EE-437D-BF6F-431619F4D744}.Release|x86.ActiveCfg = Release|Win32
		{60924AE4-95EE-437D-BF6F-431619F4D744}.Release|x86.Build.0 = Release|Win32
		{841504BD-5256-4873-9D43-EADD53829308}.Debug|x64.ActiveCfg = Debug|x64
		{841504BD-5256-4873-9D43-EADD53829308}.Debug|x64.Build.0 = Debug|x64
		{841504BD-5256-4873-9D43-EADD53829308}.Debug|x86.ActiveCfg = Debug|Win32
		{841504BD-5256-4873-9D43-EADD53829308}.Debug|x86.Build.0 = Debug|Win32
		{841504BD-5256-4873-9D43-EADD53829308}.Release|x64.ActiveCfg = Release|x64
		{841504BD-5256-4873-9D43-EADD53829308}.Release|x64.Build.0 = Release|x64
		{841504BD-5256-4873-9D43-EADD53829308}.Release|x86.ActiveCfg = Release|Win32
		{841504BD-5256-4873-9D43-EADD53829308}.Release|x86.Build.0 = Release|Win32
		{BAF1B835-0D6A-4B7E-A527-C1F924D698E0}.Debug|x64.ActiveCfg = Debug|x64
		{BAF1B835-0D6A-4B7E-A527-C1F924D698E0}.Debug|x64.Build.0 = Debug|x64
		{BAF1B835-0D6A-4B7E-A527-C1F924D698E0}.Debug|x86.ActiveCfg = Debug|Win32
		{BAF1B835-0D6A-4B7E-A527-C1F924D698E0}.Debug|x86.Build.0 = Debug|Win32
		{BAF1B835-0D6A-4B7E-A527-C1F924D698E0}.Release|x64.ActiveCfg = Release|x64
		{BAF1B835-0D6A-4B7E-A527-C1F924D698E0}.Release|x64.Build.0 = Release|x64
		{BAF1B835-0D6A-4B7E-A527-C1F924D698E0}.Release|x86.ActiveCfg = Release|Win32
		{BAF1B835-0D6A-4B7E-A527-C1F924D698E0}.Release|x86.Build.0 = Release|Win32
		{E3DFB3D1-AD9C-4617-8543-31A938049BA4}.Debug|x64.ActiveCfg = Debug|x64
		{E3DFB3D1-AD9C-4617-8543-31A938049BA4}.Debug|x64.Build.0 = Debug|x64
		{E3DFB3D1-AD9C-4617-8543-31A938049BA4}.Debug|x86.ActiveCfg = Debug|Win32
		{E3DFB3D1-AD9C-4617-8543-31A938049BA4}.Debug|x86.Build.0 = Debug|Win32
		{E3DFB3D1-AD9C-4617-8543-31A938049BA4}.Release|x64.ActiveCfg = Release|x64
		{E3DFB3D1-AD9C-4617-8543-31A938049BA4}.Release|x64.Build.0 = Release|x64
		{E3DFB3D1-AD9C-4617-8543-31A938049BA4}.Release|x86.ActiveCfg = Release|Win32
		{E3DFB3D1-AD9C-4617-8543-31A938049BA4}.Release|x86.Build.0 = Release|Win32
		{88C9A239-A839-40F7-81C8-BD3594EECA71}.Debug|x64.ActiveCfg = Debug|x64
		{88C9A239-A839-40F7-81C8-BD3594EECA71}.Debug|x64.Build.0 = Debug|x64
		{88C9A239-A839-40F7-81C8-BD3594EECA71}.Debug|x86.ActiveCfg = Debug|Win32
		{88C9A239-A839-40F7-81C8-BD3594EECA71}.Debug|x86.Build.0 = Debug|Win32
		{88C9A239-A839-40F7-81C8-BD3594EECA71}.Release|x64.ActiveCfg = Release|x64
		{88C9A239-A839-40F7-81C8-BD3594EECA71}.Release|x64.Build.0 = Release|x64
		{88C9A239-A839-40F7-81C8-BD3594EECA71}.Release|x86.ActiveCfg = Release|Win32
		{88C9A239-A839-40F7-81C8-BD3594EECA71}.Release|x86.Build.0 = Release|Win32
		{DC3548A2-9406-4E0F-9E6B-3AF1E2979DE1}.Debug|x64.ActiveCfg = Debug|x64
		{DC3548A2-9406-4E0F-9E6B-3AF1E2979DE1}.Debug|x64.Build.0 = Debug|x64
		{DC3548A2-9406-4E0F-9E6B-3AF1E2979DE1}.Debug|x86.ActiveCfg = Debug|Win32
		{DC3548A2-9406-4E0F-9E6B-3AF1E2979DE1}.Debug|x86.Build.0 = Debug|Win32
		{DC3548A2-9406-4E0F-9E6B-3AF1E2979DE1}.Release|x64.ActiveCfg = Release|x64
		{DC3548A2-9406-4E0F-9E6B-3AF1E2979DE1}.Release|x64.Build.0 = Release|x64
		{DC3548A2-9406-4E0F-9E6B-3AF1E2979DE1}.Release|x86.ActiveCfg = Release|Win32
		{DC3548A2-9406-4E0F-9E6B-3AF1E2979DE1}.Release|x86.Build.0 = Release|Win32
		{49362A14-47CA-4E9A-BAA4-257B44F4EA06}.Debug|x64.ActiveCfg = Debug|x64
		{49362A14-47CA-4E9A-BAA4-257B44F4EA06}.Debug|x64.Build.0 = Debug|x64
		{49362A14-47CA-4E9A-BAA4-257B44F4EA06}.Debug|x86.ActiveCfg = Debug|Win32
		{49362A14-47CA-4E9A-BAA4-257B44F4EA06}.Debug|x86.Build.0 = Debug|Win32
		{49362A14-47CA-4E9A-BAA4-257B44F4EA06}.Release|x64.ActiveCfg = Release|x64
		{49362A14-47CA-4E9A-BAA4-257B44F4EA06}.Release|x64.Build.0 = Release|x64
		{49362A14-47CA-4E9A-BAA4-257B44F4EA06}.Release|x86.ActiveCfg = Release|Win32
		{49362A14-47CA-4E9A-BAA4-257B44F4EA06}.Release|x86.Build.0 = Release|Win32
		{3847EFC4-3D07-4F2D-B022-85280B5FD35E}.Debug|x64.ActiveCfg = Debug|x64
		{3847EFC4-3D07-4F2D-B022-85280B5FD35E}.Debug|x64.Build.0 = Debug|x64
		{3847EFC4-3D07-4F2D-B022-85280B5FD35E}.Debug|x86.ActiveCfg = Debug|Win32
		{3847EFC4-3D07-4F2D-B022-85280B5FD35E}.Debug|x86.Build.0 = Debug|Win32
		{3847EFC4-3D07-4F2D-B022-85280B5FD35E}.Release|x64.ActiveCfg = Release|x64
		{3847EFC4-3D07-4F2D-B022-85280B5FD35E}.Release|x64.Build.0 = Release|x64
		{3847EFC4-3D07-4F2D-B022-85280B5FD35E}.Release|x86.ActiveCfg = Release|Win32
		{3847EFC4-3D07-4F2D-B022-85280B5FD35E}.Release|x86.Build.0 = Release|Win32
		{358C25B0-0C4A-4A5C-830E-F3C281D10F69}.Debug|x64.ActiveCfg = Debug|x64
		{358C25B0-0C4A-4A5C-830E-F3C281D10F69}.Debug|x64.Build.0 = Debug|x64
		{358C25B0-0C4A-4A5C-830E-F3C281D10F69}.Debug|x86.ActiveCfg = Debug|Win32
		{358C25B0-0C4A-4A5C-830E-F3C281D10F69}.Debug|x86.Build.0 = Debug|Win32
		{358C25B0-0C4A-4A5C-830E-F3C281D10F69}.Release|x64.ActiveCfg = Release|x64
		{358C25B0-0C4A-4A5C-830E-F3C281D10F69}.Release|x64.Build.0 = Release|x64
		{358C25B0-0C4A-4A5C-830E-F3C281D10F69}.Release|x86.ActiveCfg = Release|Win32
		{358C25B0-0C4A-4A5C-830E-F3C281D10F69}.Release|x86.Build.0 = Release|Win32
		{66793ED8-58FD-4BE2-A729-98058AA41A6F}.Debug|x64.ActiveCfg = Debug|x64
		{66793ED8-58FD-4BE2-A729-98058AA41A6F}.Debug|x64.Build.0 = Debug|x64
		{66793ED8-58FD-4BE2-A729-98058AA41A6F}.Debug|x86.ActiveCfg = Debug|Win32
		{66793ED8-58FD-4BE2-A729-98058AA41A6F}.Debug|x86.Build.0 = Debug|Win32
		{66793ED8-58FD-4BE2-A729-98058AA41A6F}.Release|x64.ActiveCfg = Release|x64
		{66793ED8-58FD-4BE2-A729-98058AA41A6F}.Release|x64.Build.0 = Release|x64
		{66793ED8-58FD-4BE2-A729-98058AA41A6F}.Release|x86.ActiveCfg = Release|Win32
		{66793ED8-58FD-4BE2-A729-98058AA41A6F}.Release|x86.Build.0 = Release|Win32
		{13BCD9C0-F008-4105-BEF9-260D863EA9B6}.Debug|x64.ActiveCfg = Debug|x64
		{13BCD9C0-F008-4105-BEF9-260D863EA9B6}.Debug|x64.Build.0 = Debug|x64
		{13BCD9C0-F008-4105-BEF9-260D863EA9B6}.Debug|x86.ActiveCfg = Debug|Win32
		{13BCD9C0-F008-4105-BEF9-260D863EA9B6}.Debug|x86.Build.0 = Debug|Win32
		{13BCD9C0-F008-4105-BEF9-260D863EA9B6}.Release|x64.ActiveCfg = Release|x64
		{13BCD9C0-F008-4105-BEF9-260D863EA9B6}.Release|x64.Build.0 = Release|x64
		{13BCD9C0-F008-4105-BEF9-260D863EA9B6}.Release|x86.ActiveCfg = Release|Win32
		{13BCD9C0-F008-4105-BEF9-260D863EA9B6}.Release|x86.Build.0 = Release|Win32
		{00ACF2F7-F09D-4B9D-A89C-257374766C70}.Debug|x64.ActiveCfg = Debug|x64
		{00ACF2F7-F09D-4B9D-A89C-257374766C70}.Debug|x64.Build.0 = Debug|x64
		{00ACF2F7-F09D-4B9D-A89C-257374766C70}.Debug|x86.ActiveCfg = Debug|Win32
		{00ACF2F7-F09D-4B9D-A89C-257374766C70}.Debug|x86.Build.0 = Debug|Win32
		{00ACF2F7-F09D-4B9D-A89C-257374766C70}.Release|x64.ActiveCfg = Release|x64
		{00ACF2F7-F09D-4B9D-A89C-257374766C70}.Release|x64.Build.0 = Release|x64
		{00ACF2F7-F09D-4B9D-A89C-257374766C70}.Release|x86.ActiveCfg = Release|Win32
		{00ACF2F7-F09D-4B9D-A89C-257374766C70}.Release|x86.Build.0 = Release|Win32
		{4B16DA1B-78CE-45BE-9B38-79022F06585B}.Debug|x64.ActiveCfg = Debug|x64
		{4B16DA1B-78CE-45BE-9B38-79022F06585B}.Debug|x64.Build.0 = Debug|x64
		{4B16DA1B-78CE-45BE-9B38-79022F06585B}.Debug|x86.ActiveCfg = Debug|Win32
		{4B16DA1B-78CE-45BE-9B38-79022F06585B}.Debug|x86.Build.0 = Debug|Win32
		{4B16DA1B-78CE-45BE-9B38-79022F06585B}.Release|x64.ActiveCfg = Release|x64
		{4B16DA1B-78CE-45BE-9B38-79022F06585B}.Release|x64.Build.0 = Release|x64
		{4B16DA1B-78CE-45BE-9B38-79022F06585B}.Release|x86.ActiveCfg = Release|Win32
		{4B16DA1B-78CE-45BE-9B38-79022F06585B}.Release|x86.Build.0 = Release|Win32
		{16B3C790-1057-472C-B384-E7FAD6BA179B}.Debug|x64.ActiveCfg = Debug|x64
		{16B3C790-1057-472C-B384-E7FAD6BA179B}.Debug|x64.Build.0 = Debug|x64
		{16B3C790-1057-472C-B384-E7FAD6BA179B}.Debug|x86.ActiveCfg = Debug|Win32
		{16B3C790-1057-472C-B384-E7FAD6BA179B}.Debug|x86.Build.0 = Debug|Win32
		{16B3C790-1057-472C-B384-E7FAD6BA179B}.Release|x64.ActiveCfg = Release|x64
		{16B3C790-1057-472C-B384-E7FAD6BA179B}.Release|x64.Build.0 = Release|x64
		{16B3C790-1057-472C-B384-E7FAD6BA179B}.Release|x86.ActiveCfg = Release|Win32
		{16B3C790-1057-472C-B384-E7FAD6BA179B}.Release|x86.Build.0 = Release|Win32
	EndGlobalSection
	GlobalSection(SolutionProperties) = preSolution
		HideSolutionNode = FALSE
	EndGlobalSection
	GlobalSection(ExtensibilityGlobals) = postSolution
		SolutionGuid = {78CE953A-BBF9-478F-B03D-86E23AA560E8}
	EndGlobalSection
EndGlobal
