
Microsoft Visual Studio Solution File, Format Version 12.00
# Visual Studio Version 17
VisualStudioVersion = 17.8.34408.163
MinimumVisualStudioVersion = 10.0.40219.1
Project("{8BC9CEB8-8B4A-11D0-8D11-00A0C91BC942}") = "240521_원형순열에서의인원제거", "240521_원형순열에서의인원제거\240521_원형순열에서의인원제거.vcxproj", "{23A9D1A5-9CCB-455F-BADA-C3119C058458}"
EndProject
Project("{8BC9CEB8-8B4A-11D0-8D11-00A0C91BC942}") = "240522_수열조작", "240522_수열조작\240522_수열조작.vcxproj", "{EB2CAA82-5AAB-4D9A-8B5C-929978B5D7F6}"
EndProject
Project("{8BC9CEB8-8B4A-11D0-8D11-00A0C91BC942}") = "240523_덱STL", "240523_덱STL\240523_덱STL.vcxproj", "{FF44754D-B47B-428F-8685-E405CC9C5B56}"
EndProject
Project("{8BC9CEB8-8B4A-11D0-8D11-00A0C91BC942}") = "240524_Memoization", "240524_Memoization\240524_Memoization.vcxproj", "{D506540D-505B-42DA-9458-C8E1BB0ECCD5}"
EndProject
Project("{8BC9CEB8-8B4A-11D0-8D11-00A0C91BC942}") = "240525_재귀함수를이용한최소공배수", "240525_재귀함수를이용한최소공배수\240525_재귀함수를이용한최소공배수.vcxproj", "{83F84182-9466-43FB-B6C3-EB150C5E7CD6}"
EndProject
Project("{8BC9CEB8-8B4A-11D0-8D11-00A0C91BC942}") = "240526_파도반수열", "240526_파도반수열\240526_파도반수열.vcxproj", "{92BC0608-0547-4CBA-8FB9-46D8FF72C670}"
EndProject
Project("{8BC9CEB8-8B4A-11D0-8D11-00A0C91BC942}") = "240528_타일채우기", "240528_타일채우기\240528_타일채우기.vcxproj", "{26342A9A-E19F-4F79-82FB-5C8F1D38E4A8}"
EndProject
Project("{8BC9CEB8-8B4A-11D0-8D11-00A0C91BC942}") = "240529_황금비율토스트", "240529_황금비율토스트\240529_황금비율토스트.vcxproj", "{147924F1-E9A9-4E25-AE41-0908B21BE790}"
EndProject
Project("{8BC9CEB8-8B4A-11D0-8D11-00A0C91BC942}") = "240531_최대힙", "240531_최대힙\240531_최대힙.vcxproj", "{09E005FB-10B2-40DD-8937-422FFF733D53}"
EndProject
Project("{8BC9CEB8-8B4A-11D0-8D11-00A0C91BC942}") = "240601_가장긴증가하는부분수열", "240601_가장긴증가하는부분수열\240601_가장긴증가하는부분수열.vcxproj", "{084C7092-89F2-44F3-86B4-2F1B30F8A1E5}"
EndProject
Project("{8BC9CEB8-8B4A-11D0-8D11-00A0C91BC942}") = "240602_Knapsack", "240602_Knapsack\240602_Knapsack.vcxproj", "{30A0B818-7E14-47F0-86E3-67AAA0E85318}"
EndProject
Project("{8BC9CEB8-8B4A-11D0-8D11-00A0C91BC942}") = "240603_표절검사", "240603_표절검사\240603_표절검사.vcxproj", "{C712D996-9F59-4A3F-974B-26AA011D14C8}"
EndProject
Project("{8BC9CEB8-8B4A-11D0-8D11-00A0C91BC942}") = "240604_EditDistance2", "240604_EditDistance2\240604_EditDistance2.vcxproj", "{E6116477-9DF6-4E33-A5E4-D2A027D0B43A}"
EndProject
Global
	GlobalSection(SolutionConfigurationPlatforms) = preSolution
		Debug|x64 = Debug|x64
		Debug|x86 = Debug|x86
		Release|x64 = Release|x64
		Release|x86 = Release|x86
	EndGlobalSection
	GlobalSection(ProjectConfigurationPlatforms) = postSolution
		{23A9D1A5-9CCB-455F-BADA-C3119C058458}.Debug|x64.ActiveCfg = Debug|x64
		{23A9D1A5-9CCB-455F-BADA-C3119C058458}.Debug|x64.Build.0 = Debug|x64
		{23A9D1A5-9CCB-455F-BADA-C3119C058458}.Debug|x86.ActiveCfg = Debug|Win32
		{23A9D1A5-9CCB-455F-BADA-C3119C058458}.Debug|x86.Build.0 = Debug|Win32
		{23A9D1A5-9CCB-455F-BADA-C3119C058458}.Release|x64.ActiveCfg = Release|x64
		{23A9D1A5-9CCB-455F-BADA-C3119C058458}.Release|x64.Build.0 = Release|x64
		{23A9D1A5-9CCB-455F-BADA-C3119C058458}.Release|x86.ActiveCfg = Release|Win32
		{23A9D1A5-9CCB-455F-BADA-C3119C058458}.Release|x86.Build.0 = Release|Win32
		{EB2CAA82-5AAB-4D9A-8B5C-929978B5D7F6}.Debug|x64.ActiveCfg = Debug|x64
		{EB2CAA82-5AAB-4D9A-8B5C-929978B5D7F6}.Debug|x64.Build.0 = Debug|x64
		{EB2CAA82-5AAB-4D9A-8B5C-929978B5D7F6}.Debug|x86.ActiveCfg = Debug|Win32
		{EB2CAA82-5AAB-4D9A-8B5C-929978B5D7F6}.Debug|x86.Build.0 = Debug|Win32
		{EB2CAA82-5AAB-4D9A-8B5C-929978B5D7F6}.Release|x64.ActiveCfg = Release|x64
		{EB2CAA82-5AAB-4D9A-8B5C-929978B5D7F6}.Release|x64.Build.0 = Release|x64
		{EB2CAA82-5AAB-4D9A-8B5C-929978B5D7F6}.Release|x86.ActiveCfg = Release|Win32
		{EB2CAA82-5AAB-4D9A-8B5C-929978B5D7F6}.Release|x86.Build.0 = Release|Win32
		{FF44754D-B47B-428F-8685-E405CC9C5B56}.Debug|x64.ActiveCfg = Debug|x64
		{FF44754D-B47B-428F-8685-E405CC9C5B56}.Debug|x64.Build.0 = Debug|x64
		{FF44754D-B47B-428F-8685-E405CC9C5B56}.Debug|x86.ActiveCfg = Debug|Win32
		{FF44754D-B47B-428F-8685-E405CC9C5B56}.Debug|x86.Build.0 = Debug|Win32
		{FF44754D-B47B-428F-8685-E405CC9C5B56}.Release|x64.ActiveCfg = Release|x64
		{FF44754D-B47B-428F-8685-E405CC9C5B56}.Release|x64.Build.0 = Release|x64
		{FF44754D-B47B-428F-8685-E405CC9C5B56}.Release|x86.ActiveCfg = Release|Win32
		{FF44754D-B47B-428F-8685-E405CC9C5B56}.Release|x86.Build.0 = Release|Win32
		{D506540D-505B-42DA-9458-C8E1BB0ECCD5}.Debug|x64.ActiveCfg = Debug|x64
		{D506540D-505B-42DA-9458-C8E1BB0ECCD5}.Debug|x64.Build.0 = Debug|x64
		{D506540D-505B-42DA-9458-C8E1BB0ECCD5}.Debug|x86.ActiveCfg = Debug|Win32
		{D506540D-505B-42DA-9458-C8E1BB0ECCD5}.Debug|x86.Build.0 = Debug|Win32
		{D506540D-505B-42DA-9458-C8E1BB0ECCD5}.Release|x64.ActiveCfg = Release|x64
		{D506540D-505B-42DA-9458-C8E1BB0ECCD5}.Release|x64.Build.0 = Release|x64
		{D506540D-505B-42DA-9458-C8E1BB0ECCD5}.Release|x86.ActiveCfg = Release|Win32
		{D506540D-505B-42DA-9458-C8E1BB0ECCD5}.Release|x86.Build.0 = Release|Win32
		{83F84182-9466-43FB-B6C3-EB150C5E7CD6}.Debug|x64.ActiveCfg = Debug|x64
		{83F84182-9466-43FB-B6C3-EB150C5E7CD6}.Debug|x64.Build.0 = Debug|x64
		{83F84182-9466-43FB-B6C3-EB150C5E7CD6}.Debug|x86.ActiveCfg = Debug|Win32
		{83F84182-9466-43FB-B6C3-EB150C5E7CD6}.Debug|x86.Build.0 = Debug|Win32
		{83F84182-9466-43FB-B6C3-EB150C5E7CD6}.Release|x64.ActiveCfg = Release|x64
		{83F84182-9466-43FB-B6C3-EB150C5E7CD6}.Release|x64.Build.0 = Release|x64
		{83F84182-9466-43FB-B6C3-EB150C5E7CD6}.Release|x86.ActiveCfg = Release|Win32
		{83F84182-9466-43FB-B6C3-EB150C5E7CD6}.Release|x86.Build.0 = Release|Win32
		{92BC0608-0547-4CBA-8FB9-46D8FF72C670}.Debug|x64.ActiveCfg = Debug|x64
		{92BC0608-0547-4CBA-8FB9-46D8FF72C670}.Debug|x64.Build.0 = Debug|x64
		{92BC0608-0547-4CBA-8FB9-46D8FF72C670}.Debug|x86.ActiveCfg = Debug|Win32
		{92BC0608-0547-4CBA-8FB9-46D8FF72C670}.Debug|x86.Build.0 = Debug|Win32
		{92BC0608-0547-4CBA-8FB9-46D8FF72C670}.Release|x64.ActiveCfg = Release|x64
		{92BC0608-0547-4CBA-8FB9-46D8FF72C670}.Release|x64.Build.0 = Release|x64
		{92BC0608-0547-4CBA-8FB9-46D8FF72C670}.Release|x86.ActiveCfg = Release|Win32
		{92BC0608-0547-4CBA-8FB9-46D8FF72C670}.Release|x86.Build.0 = Release|Win32
		{26342A9A-E19F-4F79-82FB-5C8F1D38E4A8}.Debug|x64.ActiveCfg = Debug|x64
		{26342A9A-E19F-4F79-82FB-5C8F1D38E4A8}.Debug|x64.Build.0 = Debug|x64
		{26342A9A-E19F-4F79-82FB-5C8F1D38E4A8}.Debug|x86.ActiveCfg = Debug|Win32
		{26342A9A-E19F-4F79-82FB-5C8F1D38E4A8}.Debug|x86.Build.0 = Debug|Win32
		{26342A9A-E19F-4F79-82FB-5C8F1D38E4A8}.Release|x64.ActiveCfg = Release|x64
		{26342A9A-E19F-4F79-82FB-5C8F1D38E4A8}.Release|x64.Build.0 = Release|x64
		{26342A9A-E19F-4F79-82FB-5C8F1D38E4A8}.Release|x86.ActiveCfg = Release|Win32
		{26342A9A-E19F-4F79-82FB-5C8F1D38E4A8}.Release|x86.Build.0 = Release|Win32
		{147924F1-E9A9-4E25-AE41-0908B21BE790}.Debug|x64.ActiveCfg = Debug|x64
		{147924F1-E9A9-4E25-AE41-0908B21BE790}.Debug|x64.Build.0 = Debug|x64
		{147924F1-E9A9-4E25-AE41-0908B21BE790}.Debug|x86.ActiveCfg = Debug|Win32
		{147924F1-E9A9-4E25-AE41-0908B21BE790}.Debug|x86.Build.0 = Debug|Win32
		{147924F1-E9A9-4E25-AE41-0908B21BE790}.Release|x64.ActiveCfg = Release|x64
		{147924F1-E9A9-4E25-AE41-0908B21BE790}.Release|x64.Build.0 = Release|x64
		{147924F1-E9A9-4E25-AE41-0908B21BE790}.Release|x86.ActiveCfg = Release|Win32
		{147924F1-E9A9-4E25-AE41-0908B21BE790}.Release|x86.Build.0 = Release|Win32
		{09E005FB-10B2-40DD-8937-422FFF733D53}.Debug|x64.ActiveCfg = Debug|x64
		{09E005FB-10B2-40DD-8937-422FFF733D53}.Debug|x64.Build.0 = Debug|x64
		{09E005FB-10B2-40DD-8937-422FFF733D53}.Debug|x86.ActiveCfg = Debug|Win32
		{09E005FB-10B2-40DD-8937-422FFF733D53}.Debug|x86.Build.0 = Debug|Win32
		{09E005FB-10B2-40DD-8937-422FFF733D53}.Release|x64.ActiveCfg = Release|x64
		{09E005FB-10B2-40DD-8937-422FFF733D53}.Release|x64.Build.0 = Release|x64
		{09E005FB-10B2-40DD-8937-422FFF733D53}.Release|x86.ActiveCfg = Release|Win32
		{09E005FB-10B2-40DD-8937-422FFF733D53}.Release|x86.Build.0 = Release|Win32
		{084C7092-89F2-44F3-86B4-2F1B30F8A1E5}.Debug|x64.ActiveCfg = Debug|x64
		{084C7092-89F2-44F3-86B4-2F1B30F8A1E5}.Debug|x64.Build.0 = Debug|x64
		{084C7092-89F2-44F3-86B4-2F1B30F8A1E5}.Debug|x86.ActiveCfg = Debug|Win32
		{084C7092-89F2-44F3-86B4-2F1B30F8A1E5}.Debug|x86.Build.0 = Debug|Win32
		{084C7092-89F2-44F3-86B4-2F1B30F8A1E5}.Release|x64.ActiveCfg = Release|x64
		{084C7092-89F2-44F3-86B4-2F1B30F8A1E5}.Release|x64.Build.0 = Release|x64
		{084C7092-89F2-44F3-86B4-2F1B30F8A1E5}.Release|x86.ActiveCfg = Release|Win32
		{084C7092-89F2-44F3-86B4-2F1B30F8A1E5}.Release|x86.Build.0 = Release|Win32
		{30A0B818-7E14-47F0-86E3-67AAA0E85318}.Debug|x64.ActiveCfg = Debug|x64
		{30A0B818-7E14-47F0-86E3-67AAA0E85318}.Debug|x64.Build.0 = Debug|x64
		{30A0B818-7E14-47F0-86E3-67AAA0E85318}.Debug|x86.ActiveCfg = Debug|Win32
		{30A0B818-7E14-47F0-86E3-67AAA0E85318}.Debug|x86.Build.0 = Debug|Win32
		{30A0B818-7E14-47F0-86E3-67AAA0E85318}.Release|x64.ActiveCfg = Release|x64
		{30A0B818-7E14-47F0-86E3-67AAA0E85318}.Release|x64.Build.0 = Release|x64
		{30A0B818-7E14-47F0-86E3-67AAA0E85318}.Release|x86.ActiveCfg = Release|Win32
		{30A0B818-7E14-47F0-86E3-67AAA0E85318}.Release|x86.Build.0 = Release|Win32
		{C712D996-9F59-4A3F-974B-26AA011D14C8}.Debug|x64.ActiveCfg = Debug|x64
		{C712D996-9F59-4A3F-974B-26AA011D14C8}.Debug|x64.Build.0 = Debug|x64
		{C712D996-9F59-4A3F-974B-26AA011D14C8}.Debug|x86.ActiveCfg = Debug|Win32
		{C712D996-9F59-4A3F-974B-26AA011D14C8}.Debug|x86.Build.0 = Debug|Win32
		{C712D996-9F59-4A3F-974B-26AA011D14C8}.Release|x64.ActiveCfg = Release|x64
		{C712D996-9F59-4A3F-974B-26AA011D14C8}.Release|x64.Build.0 = Release|x64
		{C712D996-9F59-4A3F-974B-26AA011D14C8}.Release|x86.ActiveCfg = Release|Win32
		{C712D996-9F59-4A3F-974B-26AA011D14C8}.Release|x86.Build.0 = Release|Win32
		{E6116477-9DF6-4E33-A5E4-D2A027D0B43A}.Debug|x64.ActiveCfg = Debug|x64
		{E6116477-9DF6-4E33-A5E4-D2A027D0B43A}.Debug|x64.Build.0 = Debug|x64
		{E6116477-9DF6-4E33-A5E4-D2A027D0B43A}.Debug|x86.ActiveCfg = Debug|Win32
		{E6116477-9DF6-4E33-A5E4-D2A027D0B43A}.Debug|x86.Build.0 = Debug|Win32
		{E6116477-9DF6-4E33-A5E4-D2A027D0B43A}.Release|x64.ActiveCfg = Release|x64
		{E6116477-9DF6-4E33-A5E4-D2A027D0B43A}.Release|x64.Build.0 = Release|x64
		{E6116477-9DF6-4E33-A5E4-D2A027D0B43A}.Release|x86.ActiveCfg = Release|Win32
		{E6116477-9DF6-4E33-A5E4-D2A027D0B43A}.Release|x86.Build.0 = Release|Win32
	EndGlobalSection
	GlobalSection(SolutionProperties) = preSolution
		HideSolutionNode = FALSE
	EndGlobalSection
	GlobalSection(ExtensibilityGlobals) = postSolution
		SolutionGuid = {78CE953A-BBF9-478F-B03D-86E23AA560E8}
	EndGlobalSection
EndGlobal
