
Microsoft Visual Studio Solution File, Format Version 12.00
# Visual Studio Version 17
VisualStudioVersion = 17.8.34408.163
MinimumVisualStudioVersion = 10.0.40219.1
Project("{8BC9CEB8-8B4A-11D0-8D11-00A0C91BC942}") = "240709_대소문자바꿔서출력하기", "240709_대소문자바꿔서출력하기\240709_대소문자바꿔서출력하기.vcxproj", "{53463CDA-C801-4297-95E2-A53FD97C0BDC}"
EndProject
Project("{8BC9CEB8-8B4A-11D0-8D11-00A0C91BC942}") = "240710_특수문자출력_TIP", "240710_특수문자출력_TIP\240710_특수문자출력_TIP.vcxproj", "{D4C84DC6-1387-44F4-BD08-D2798C646F12}"
EndProject
Project("{8BC9CEB8-8B4A-11D0-8D11-00A0C91BC942}") = "240711_홀짝구분하기", "240711_홀짝구분하기\240711_홀짝구분하기.vcxproj", "{4A90593D-4DE9-4EDC-8852-27D5046B841F}"
EndProject
Project("{8BC9CEB8-8B4A-11D0-8D11-00A0C91BC942}") = "240712_문자열겹쳐쓰기", "240712_문자열겹쳐쓰기\240712_문자열겹쳐쓰기.vcxproj", "{D24C5DE1-5238-41EC-9CA4-533E4799387C}"
EndProject
Project("{8BC9CEB8-8B4A-11D0-8D11-00A0C91BC942}") = "240713_문자리스트문자열로변환", "240713_문자리스트문자열로변환\240713_문자리스트문자열로변환.vcxproj", "{3056762D-79C5-4423-82C4-DC6B0BD5478E}"
EndProject
Project("{8BC9CEB8-8B4A-11D0-8D11-00A0C91BC942}") = "240714_문자열곱하기", "240714_문자열곱하기\240714_문자열곱하기.vcxproj", "{869826F5-F701-4B8D-9578-138DF9DED949}"
EndProject
Project("{8BC9CEB8-8B4A-11D0-8D11-00A0C91BC942}") = "240715_더크게합치기", "240715_더크게합치기\240715_더크게합치기.vcxproj", "{FBEC9474-40D6-40E0-8749-654D7A3A07E1}"
EndProject
Project("{8BC9CEB8-8B4A-11D0-8D11-00A0C91BC942}") = "240716_문자열정수의합", "240716_문자열정수의합\240716_문자열정수의합.vcxproj", "{F4D3230E-2A02-4B0F-8DB2-F44C2DDC9A35}"
EndProject
Project("{8BC9CEB8-8B4A-11D0-8D11-00A0C91BC942}") = "240717_뒤에서5등위로", "240717_뒤에서5등위로\240717_뒤에서5등위로.vcxproj", "{B75C96D7-D7B1-44F4-A384-AF9E5FF6BB6E}"
EndProject
Project("{8BC9CEB8-8B4A-11D0-8D11-00A0C91BC942}") = "240718_배열비교하기", "240718_배열비교하기\240718_배열비교하기.vcxproj", "{120779AD-5DD6-42C3-8905-CB3170B459CA}"
EndProject
Project("{8BC9CEB8-8B4A-11D0-8D11-00A0C91BC942}") = "240719_rnyString", "240719_rnyString\240719_rnyString.vcxproj", "{4BAE830B-0E1A-45EE-A0D0-7838E80B5965}"
EndProject
Project("{8BC9CEB8-8B4A-11D0-8D11-00A0C91BC942}") = "240720_문자열바꿔서찾기", "240720_문자열바꿔서찾기\240720_문자열바꿔서찾기.vcxproj", "{AAB5E381-C2D2-4124-A4EB-BB9FE2B4D476}"
EndProject
Project("{8BC9CEB8-8B4A-11D0-8D11-00A0C91BC942}") = "240721_공백으로구분하기2", "240721_공백으로구분하기2\240721_공백으로구분하기2.vcxproj", "{4E49DCCA-BC25-4F92-81DA-641E44284DB3}"
EndProject
Project("{8BC9CEB8-8B4A-11D0-8D11-00A0C91BC942}") = "240722_홀짝에따라다른값반환", "240722_홀짝에따라다른값반환\240722_홀짝에따라다른값반환.vcxproj", "{B0C280FA-1C96-4140-8662-8EC166D59B94}"
EndProject
Project("{8BC9CEB8-8B4A-11D0-8D11-00A0C91BC942}") = "240723_조건문자열", "240723_조건문자열\240723_조건문자열.vcxproj", "{E1E67590-B9AD-42B1-9BEE-97DCCCCDFAC5}"
EndProject
Project("{8BC9CEB8-8B4A-11D0-8D11-00A0C91BC942}") = "240724_코드처리하기", "240724_코드처리하기\240724_코드처리하기.vcxproj", "{D15C7B88-8730-4741-AAFF-00744B289A2F}"
EndProject
Project("{8BC9CEB8-8B4A-11D0-8D11-00A0C91BC942}") = "240725_등차수열특정한항더하기", "240725_등차수열특정한항더하기\240725_등차수열특정한항더하기.vcxproj", "{E83DAB60-54F9-4319-834C-FD82816A4F22}"
EndProject
Project("{8BC9CEB8-8B4A-11D0-8D11-00A0C91BC942}") = "240726_주사위게임2", "240726_주사위게임2\240726_주사위게임2.vcxproj", "{9A4F56D0-81AE-4A6B-88AB-25C6699E714C}"
EndProject
Project("{8BC9CEB8-8B4A-11D0-8D11-00A0C91BC942}") = "240727_마지막두원소", "240727_마지막두원소\240727_마지막두원소.vcxproj", "{2BFA9B02-5EA3-4E89-BF54-3C851EC10E09}"
EndProject
Project("{8BC9CEB8-8B4A-11D0-8D11-00A0C91BC942}") = "240728_수열과구간쿼리2", "240728_수열과구간쿼리2\240728_수열과구간쿼리2.vcxproj", "{01B6E2D4-C1FF-43BC-AF78-FF6A8EC7E85B}"
EndProject
Project("{8BC9CEB8-8B4A-11D0-8D11-00A0C91BC942}") = "240729_카운트업", "240729_카운트업\240729_카운트업.vcxproj", "{D741FBBC-63F3-4CB1-8DE0-A09A24E02291}"
EndProject
Project("{8BC9CEB8-8B4A-11D0-8D11-00A0C91BC942}") = "240730_배열만들기4", "240730_배열만들기4\240730_배열만들기4.vcxproj", "{CD4B5E5C-EF0D-4AA2-A0F1-86CFF9380943}"
EndProject
Project("{8BC9CEB8-8B4A-11D0-8D11-00A0C91BC942}") = "240731_콜라츠수열만들기", "240731_콜라츠수열만들기\240731_콜라츠수열만들기.vcxproj", "{6A60E0D4-F0C4-4417-ADA8-40D993B50E7B}"
EndProject
Project("{8BC9CEB8-8B4A-11D0-8D11-00A0C91BC942}") = "240801_원소들의곱과합", "240801_원소들의곱과합\240801_원소들의곱과합.vcxproj", "{216B2845-D607-4D42-94A9-1DAA5CF42C43}"
EndProject
Project("{8BC9CEB8-8B4A-11D0-8D11-00A0C91BC942}") = "240802_수열과구간쿼리4", "240802_수열과구간쿼리4\240802_수열과구간쿼리4.vcxproj", "{C328323A-E9AD-4BB1-99A0-86F8614E88C4}"
EndProject
Project("{8BC9CEB8-8B4A-11D0-8D11-00A0C91BC942}") = "240803_9로나눈나머지", "240803_9로나눈나머지\240803_9로나눈나머지.vcxproj", "{15652BE8-B8A8-4440-AEB1-B78C094DCC0C}"
EndProject
Project("{8BC9CEB8-8B4A-11D0-8D11-00A0C91BC942}") = "240804_배열만들기5", "240804_배열만들기5\240804_배열만들기5.vcxproj", "{AE10E371-B73B-4B91-A7AD-3F54826D87E4}"
EndProject
Project("{8BC9CEB8-8B4A-11D0-8D11-00A0C91BC942}") = "240805_부분문자열이어붙여문자열만들기", "240805_부분문자열이어붙여문자열만들기\240805_부분문자열이어붙여문자열만들기.vcxproj", "{58E6ACE8-C4E9-4498-8C0B-07AE1B418988}"
EndProject
Project("{8BC9CEB8-8B4A-11D0-8D11-00A0C91BC942}") = "240806_문자열뒤n글자", "240806_문자열뒤n글자\240806_문자열뒤n글자.vcxproj", "{6E5165FC-5D92-45F0-BCFE-22C75D8B732A}"
EndProject
Global
	GlobalSection(SolutionConfigurationPlatforms) = preSolution
		Debug|x64 = Debug|x64
		Debug|x86 = Debug|x86
		Release|x64 = Release|x64
		Release|x86 = Release|x86
	EndGlobalSection
	GlobalSection(ProjectConfigurationPlatforms) = postSolution
		{53463CDA-C801-4297-95E2-A53FD97C0BDC}.Debug|x64.ActiveCfg = Debug|x64
		{53463CDA-C801-4297-95E2-A53FD97C0BDC}.Debug|x64.Build.0 = Debug|x64
		{53463CDA-C801-4297-95E2-A53FD97C0BDC}.Debug|x86.ActiveCfg = Debug|Win32
		{53463CDA-C801-4297-95E2-A53FD97C0BDC}.Debug|x86.Build.0 = Debug|Win32
		{53463CDA-C801-4297-95E2-A53FD97C0BDC}.Release|x64.ActiveCfg = Release|x64
		{53463CDA-C801-4297-95E2-A53FD97C0BDC}.Release|x64.Build.0 = Release|x64
		{53463CDA-C801-4297-95E2-A53FD97C0BDC}.Release|x86.ActiveCfg = Release|Win32
		{53463CDA-C801-4297-95E2-A53FD97C0BDC}.Release|x86.Build.0 = Release|Win32
		{D4C84DC6-1387-44F4-BD08-D2798C646F12}.Debug|x64.ActiveCfg = Debug|x64
		{D4C84DC6-1387-44F4-BD08-D2798C646F12}.Debug|x64.Build.0 = Debug|x64
		{D4C84DC6-1387-44F4-BD08-D2798C646F12}.Debug|x86.ActiveCfg = Debug|Win32
		{D4C84DC6-1387-44F4-BD08-D2798C646F12}.Debug|x86.Build.0 = Debug|Win32
		{D4C84DC6-1387-44F4-BD08-D2798C646F12}.Release|x64.ActiveCfg = Release|x64
		{D4C84DC6-1387-44F4-BD08-D2798C646F12}.Release|x64.Build.0 = Release|x64
		{D4C84DC6-1387-44F4-BD08-D2798C646F12}.Release|x86.ActiveCfg = Release|Win32
		{D4C84DC6-1387-44F4-BD08-D2798C646F12}.Release|x86.Build.0 = Release|Win32
		{4A90593D-4DE9-4EDC-8852-27D5046B841F}.Debug|x64.ActiveCfg = Debug|x64
		{4A90593D-4DE9-4EDC-8852-27D5046B841F}.Debug|x64.Build.0 = Debug|x64
		{4A90593D-4DE9-4EDC-8852-27D5046B841F}.Debug|x86.ActiveCfg = Debug|Win32
		{4A90593D-4DE9-4EDC-8852-27D5046B841F}.Debug|x86.Build.0 = Debug|Win32
		{4A90593D-4DE9-4EDC-8852-27D5046B841F}.Release|x64.ActiveCfg = Release|x64
		{4A90593D-4DE9-4EDC-8852-27D5046B841F}.Release|x64.Build.0 = Release|x64
		{4A90593D-4DE9-4EDC-8852-27D5046B841F}.Release|x86.ActiveCfg = Release|Win32
		{4A90593D-4DE9-4EDC-8852-27D5046B841F}.Release|x86.Build.0 = Release|Win32
		{D24C5DE1-5238-41EC-9CA4-533E4799387C}.Debug|x64.ActiveCfg = Debug|x64
		{D24C5DE1-5238-41EC-9CA4-533E4799387C}.Debug|x64.Build.0 = Debug|x64
		{D24C5DE1-5238-41EC-9CA4-533E4799387C}.Debug|x86.ActiveCfg = Debug|Win32
		{D24C5DE1-5238-41EC-9CA4-533E4799387C}.Debug|x86.Build.0 = Debug|Win32
		{D24C5DE1-5238-41EC-9CA4-533E4799387C}.Release|x64.ActiveCfg = Release|x64
		{D24C5DE1-5238-41EC-9CA4-533E4799387C}.Release|x64.Build.0 = Release|x64
		{D24C5DE1-5238-41EC-9CA4-533E4799387C}.Release|x86.ActiveCfg = Release|Win32
		{D24C5DE1-5238-41EC-9CA4-533E4799387C}.Release|x86.Build.0 = Release|Win32
		{3056762D-79C5-4423-82C4-DC6B0BD5478E}.Debug|x64.ActiveCfg = Debug|x64
		{3056762D-79C5-4423-82C4-DC6B0BD5478E}.Debug|x64.Build.0 = Debug|x64
		{3056762D-79C5-4423-82C4-DC6B0BD5478E}.Debug|x86.ActiveCfg = Debug|Win32
		{3056762D-79C5-4423-82C4-DC6B0BD5478E}.Debug|x86.Build.0 = Debug|Win32
		{3056762D-79C5-4423-82C4-DC6B0BD5478E}.Release|x64.ActiveCfg = Release|x64
		{3056762D-79C5-4423-82C4-DC6B0BD5478E}.Release|x64.Build.0 = Release|x64
		{3056762D-79C5-4423-82C4-DC6B0BD5478E}.Release|x86.ActiveCfg = Release|Win32
		{3056762D-79C5-4423-82C4-DC6B0BD5478E}.Release|x86.Build.0 = Release|Win32
		{869826F5-F701-4B8D-9578-138DF9DED949}.Debug|x64.ActiveCfg = Debug|x64
		{869826F5-F701-4B8D-9578-138DF9DED949}.Debug|x64.Build.0 = Debug|x64
		{869826F5-F701-4B8D-9578-138DF9DED949}.Debug|x86.ActiveCfg = Debug|Win32
		{869826F5-F701-4B8D-9578-138DF9DED949}.Debug|x86.Build.0 = Debug|Win32
		{869826F5-F701-4B8D-9578-138DF9DED949}.Release|x64.ActiveCfg = Release|x64
		{869826F5-F701-4B8D-9578-138DF9DED949}.Release|x64.Build.0 = Release|x64
		{869826F5-F701-4B8D-9578-138DF9DED949}.Release|x86.ActiveCfg = Release|Win32
		{869826F5-F701-4B8D-9578-138DF9DED949}.Release|x86.Build.0 = Release|Win32
		{FBEC9474-40D6-40E0-8749-654D7A3A07E1}.Debug|x64.ActiveCfg = Debug|x64
		{FBEC9474-40D6-40E0-8749-654D7A3A07E1}.Debug|x64.Build.0 = Debug|x64
		{FBEC9474-40D6-40E0-8749-654D7A3A07E1}.Debug|x86.ActiveCfg = Debug|Win32
		{FBEC9474-40D6-40E0-8749-654D7A3A07E1}.Debug|x86.Build.0 = Debug|Win32
		{FBEC9474-40D6-40E0-8749-654D7A3A07E1}.Release|x64.ActiveCfg = Release|x64
		{FBEC9474-40D6-40E0-8749-654D7A3A07E1}.Release|x64.Build.0 = Release|x64
		{FBEC9474-40D6-40E0-8749-654D7A3A07E1}.Release|x86.ActiveCfg = Release|Win32
		{FBEC9474-40D6-40E0-8749-654D7A3A07E1}.Release|x86.Build.0 = Release|Win32
		{F4D3230E-2A02-4B0F-8DB2-F44C2DDC9A35}.Debug|x64.ActiveCfg = Debug|x64
		{F4D3230E-2A02-4B0F-8DB2-F44C2DDC9A35}.Debug|x64.Build.0 = Debug|x64
		{F4D3230E-2A02-4B0F-8DB2-F44C2DDC9A35}.Debug|x86.ActiveCfg = Debug|Win32
		{F4D3230E-2A02-4B0F-8DB2-F44C2DDC9A35}.Debug|x86.Build.0 = Debug|Win32
		{F4D3230E-2A02-4B0F-8DB2-F44C2DDC9A35}.Release|x64.ActiveCfg = Release|x64
		{F4D3230E-2A02-4B0F-8DB2-F44C2DDC9A35}.Release|x64.Build.0 = Release|x64
		{F4D3230E-2A02-4B0F-8DB2-F44C2DDC9A35}.Release|x86.ActiveCfg = Release|Win32
		{F4D3230E-2A02-4B0F-8DB2-F44C2DDC9A35}.Release|x86.Build.0 = Release|Win32
		{B75C96D7-D7B1-44F4-A384-AF9E5FF6BB6E}.Debug|x64.ActiveCfg = Debug|x64
		{B75C96D7-D7B1-44F4-A384-AF9E5FF6BB6E}.Debug|x64.Build.0 = Debug|x64
		{B75C96D7-D7B1-44F4-A384-AF9E5FF6BB6E}.Debug|x86.ActiveCfg = Debug|Win32
		{B75C96D7-D7B1-44F4-A384-AF9E5FF6BB6E}.Debug|x86.Build.0 = Debug|Win32
		{B75C96D7-D7B1-44F4-A384-AF9E5FF6BB6E}.Release|x64.ActiveCfg = Release|x64
		{B75C96D7-D7B1-44F4-A384-AF9E5FF6BB6E}.Release|x64.Build.0 = Release|x64
		{B75C96D7-D7B1-44F4-A384-AF9E5FF6BB6E}.Release|x86.ActiveCfg = Release|Win32
		{B75C96D7-D7B1-44F4-A384-AF9E5FF6BB6E}.Release|x86.Build.0 = Release|Win32
		{120779AD-5DD6-42C3-8905-CB3170B459CA}.Debug|x64.ActiveCfg = Debug|x64
		{120779AD-5DD6-42C3-8905-CB3170B459CA}.Debug|x64.Build.0 = Debug|x64
		{120779AD-5DD6-42C3-8905-CB3170B459CA}.Debug|x86.ActiveCfg = Debug|Win32
		{120779AD-5DD6-42C3-8905-CB3170B459CA}.Debug|x86.Build.0 = Debug|Win32
		{120779AD-5DD6-42C3-8905-CB3170B459CA}.Release|x64.ActiveCfg = Release|x64
		{120779AD-5DD6-42C3-8905-CB3170B459CA}.Release|x64.Build.0 = Release|x64
		{120779AD-5DD6-42C3-8905-CB3170B459CA}.Release|x86.ActiveCfg = Release|Win32
		{120779AD-5DD6-42C3-8905-CB3170B459CA}.Release|x86.Build.0 = Release|Win32
		{4BAE830B-0E1A-45EE-A0D0-7838E80B5965}.Debug|x64.ActiveCfg = Debug|x64
		{4BAE830B-0E1A-45EE-A0D0-7838E80B5965}.Debug|x64.Build.0 = Debug|x64
		{4BAE830B-0E1A-45EE-A0D0-7838E80B5965}.Debug|x86.ActiveCfg = Debug|Win32
		{4BAE830B-0E1A-45EE-A0D0-7838E80B5965}.Debug|x86.Build.0 = Debug|Win32
		{4BAE830B-0E1A-45EE-A0D0-7838E80B5965}.Release|x64.ActiveCfg = Release|x64
		{4BAE830B-0E1A-45EE-A0D0-7838E80B5965}.Release|x64.Build.0 = Release|x64
		{4BAE830B-0E1A-45EE-A0D0-7838E80B5965}.Release|x86.ActiveCfg = Release|Win32
		{4BAE830B-0E1A-45EE-A0D0-7838E80B5965}.Release|x86.Build.0 = Release|Win32
		{AAB5E381-C2D2-4124-A4EB-BB9FE2B4D476}.Debug|x64.ActiveCfg = Debug|x64
		{AAB5E381-C2D2-4124-A4EB-BB9FE2B4D476}.Debug|x64.Build.0 = Debug|x64
		{AAB5E381-C2D2-4124-A4EB-BB9FE2B4D476}.Debug|x86.ActiveCfg = Debug|Win32
		{AAB5E381-C2D2-4124-A4EB-BB9FE2B4D476}.Debug|x86.Build.0 = Debug|Win32
		{AAB5E381-C2D2-4124-A4EB-BB9FE2B4D476}.Release|x64.ActiveCfg = Release|x64
		{AAB5E381-C2D2-4124-A4EB-BB9FE2B4D476}.Release|x64.Build.0 = Release|x64
		{AAB5E381-C2D2-4124-A4EB-BB9FE2B4D476}.Release|x86.ActiveCfg = Release|Win32
		{AAB5E381-C2D2-4124-A4EB-BB9FE2B4D476}.Release|x86.Build.0 = Release|Win32
		{4E49DCCA-BC25-4F92-81DA-641E44284DB3}.Debug|x64.ActiveCfg = Debug|x64
		{4E49DCCA-BC25-4F92-81DA-641E44284DB3}.Debug|x64.Build.0 = Debug|x64
		{4E49DCCA-BC25-4F92-81DA-641E44284DB3}.Debug|x86.ActiveCfg = Debug|Win32
		{4E49DCCA-BC25-4F92-81DA-641E44284DB3}.Debug|x86.Build.0 = Debug|Win32
		{4E49DCCA-BC25-4F92-81DA-641E44284DB3}.Release|x64.ActiveCfg = Release|x64
		{4E49DCCA-BC25-4F92-81DA-641E44284DB3}.Release|x64.Build.0 = Release|x64
		{4E49DCCA-BC25-4F92-81DA-641E44284DB3}.Release|x86.ActiveCfg = Release|Win32
		{4E49DCCA-BC25-4F92-81DA-641E44284DB3}.Release|x86.Build.0 = Release|Win32
		{B0C280FA-1C96-4140-8662-8EC166D59B94}.Debug|x64.ActiveCfg = Debug|x64
		{B0C280FA-1C96-4140-8662-8EC166D59B94}.Debug|x64.Build.0 = Debug|x64
		{B0C280FA-1C96-4140-8662-8EC166D59B94}.Debug|x86.ActiveCfg = Debug|Win32
		{B0C280FA-1C96-4140-8662-8EC166D59B94}.Debug|x86.Build.0 = Debug|Win32
		{B0C280FA-1C96-4140-8662-8EC166D59B94}.Release|x64.ActiveCfg = Release|x64
		{B0C280FA-1C96-4140-8662-8EC166D59B94}.Release|x64.Build.0 = Release|x64
		{B0C280FA-1C96-4140-8662-8EC166D59B94}.Release|x86.ActiveCfg = Release|Win32
		{B0C280FA-1C96-4140-8662-8EC166D59B94}.Release|x86.Build.0 = Release|Win32
		{E1E67590-B9AD-42B1-9BEE-97DCCCCDFAC5}.Debug|x64.ActiveCfg = Debug|x64
		{E1E67590-B9AD-42B1-9BEE-97DCCCCDFAC5}.Debug|x64.Build.0 = Debug|x64
		{E1E67590-B9AD-42B1-9BEE-97DCCCCDFAC5}.Debug|x86.ActiveCfg = Debug|Win32
		{E1E67590-B9AD-42B1-9BEE-97DCCCCDFAC5}.Debug|x86.Build.0 = Debug|Win32
		{E1E67590-B9AD-42B1-9BEE-97DCCCCDFAC5}.Release|x64.ActiveCfg = Release|x64
		{E1E67590-B9AD-42B1-9BEE-97DCCCCDFAC5}.Release|x64.Build.0 = Release|x64
		{E1E67590-B9AD-42B1-9BEE-97DCCCCDFAC5}.Release|x86.ActiveCfg = Release|Win32
		{E1E67590-B9AD-42B1-9BEE-97DCCCCDFAC5}.Release|x86.Build.0 = Release|Win32
		{D15C7B88-8730-4741-AAFF-00744B289A2F}.Debug|x64.ActiveCfg = Debug|x64
		{D15C7B88-8730-4741-AAFF-00744B289A2F}.Debug|x64.Build.0 = Debug|x64
		{D15C7B88-8730-4741-AAFF-00744B289A2F}.Debug|x86.ActiveCfg = Debug|Win32
		{D15C7B88-8730-4741-AAFF-00744B289A2F}.Debug|x86.Build.0 = Debug|Win32
		{D15C7B88-8730-4741-AAFF-00744B289A2F}.Release|x64.ActiveCfg = Release|x64
		{D15C7B88-8730-4741-AAFF-00744B289A2F}.Release|x64.Build.0 = Release|x64
		{D15C7B88-8730-4741-AAFF-00744B289A2F}.Release|x86.ActiveCfg = Release|Win32
		{D15C7B88-8730-4741-AAFF-00744B289A2F}.Release|x86.Build.0 = Release|Win32
		{E83DAB60-54F9-4319-834C-FD82816A4F22}.Debug|x64.ActiveCfg = Debug|x64
		{E83DAB60-54F9-4319-834C-FD82816A4F22}.Debug|x64.Build.0 = Debug|x64
		{E83DAB60-54F9-4319-834C-FD82816A4F22}.Debug|x86.ActiveCfg = Debug|Win32
		{E83DAB60-54F9-4319-834C-FD82816A4F22}.Debug|x86.Build.0 = Debug|Win32
		{E83DAB60-54F9-4319-834C-FD82816A4F22}.Release|x64.ActiveCfg = Release|x64
		{E83DAB60-54F9-4319-834C-FD82816A4F22}.Release|x64.Build.0 = Release|x64
		{E83DAB60-54F9-4319-834C-FD82816A4F22}.Release|x86.ActiveCfg = Release|Win32
		{E83DAB60-54F9-4319-834C-FD82816A4F22}.Release|x86.Build.0 = Release|Win32
		{9A4F56D0-81AE-4A6B-88AB-25C6699E714C}.Debug|x64.ActiveCfg = Debug|x64
		{9A4F56D0-81AE-4A6B-88AB-25C6699E714C}.Debug|x64.Build.0 = Debug|x64
		{9A4F56D0-81AE-4A6B-88AB-25C6699E714C}.Debug|x86.ActiveCfg = Debug|Win32
		{9A4F56D0-81AE-4A6B-88AB-25C6699E714C}.Debug|x86.Build.0 = Debug|Win32
		{9A4F56D0-81AE-4A6B-88AB-25C6699E714C}.Release|x64.ActiveCfg = Release|x64
		{9A4F56D0-81AE-4A6B-88AB-25C6699E714C}.Release|x64.Build.0 = Release|x64
		{9A4F56D0-81AE-4A6B-88AB-25C6699E714C}.Release|x86.ActiveCfg = Release|Win32
		{9A4F56D0-81AE-4A6B-88AB-25C6699E714C}.Release|x86.Build.0 = Release|Win32
		{2BFA9B02-5EA3-4E89-BF54-3C851EC10E09}.Debug|x64.ActiveCfg = Debug|x64
		{2BFA9B02-5EA3-4E89-BF54-3C851EC10E09}.Debug|x64.Build.0 = Debug|x64
		{2BFA9B02-5EA3-4E89-BF54-3C851EC10E09}.Debug|x86.ActiveCfg = Debug|Win32
		{2BFA9B02-5EA3-4E89-BF54-3C851EC10E09}.Debug|x86.Build.0 = Debug|Win32
		{2BFA9B02-5EA3-4E89-BF54-3C851EC10E09}.Release|x64.ActiveCfg = Release|x64
		{2BFA9B02-5EA3-4E89-BF54-3C851EC10E09}.Release|x64.Build.0 = Release|x64
		{2BFA9B02-5EA3-4E89-BF54-3C851EC10E09}.Release|x86.ActiveCfg = Release|Win32
		{2BFA9B02-5EA3-4E89-BF54-3C851EC10E09}.Release|x86.Build.0 = Release|Win32
		{01B6E2D4-C1FF-43BC-AF78-FF6A8EC7E85B}.Debug|x64.ActiveCfg = Debug|x64
		{01B6E2D4-C1FF-43BC-AF78-FF6A8EC7E85B}.Debug|x64.Build.0 = Debug|x64
		{01B6E2D4-C1FF-43BC-AF78-FF6A8EC7E85B}.Debug|x86.ActiveCfg = Debug|Win32
		{01B6E2D4-C1FF-43BC-AF78-FF6A8EC7E85B}.Debug|x86.Build.0 = Debug|Win32
		{01B6E2D4-C1FF-43BC-AF78-FF6A8EC7E85B}.Release|x64.ActiveCfg = Release|x64
		{01B6E2D4-C1FF-43BC-AF78-FF6A8EC7E85B}.Release|x64.Build.0 = Release|x64
		{01B6E2D4-C1FF-43BC-AF78-FF6A8EC7E85B}.Release|x86.ActiveCfg = Release|Win32
		{01B6E2D4-C1FF-43BC-AF78-FF6A8EC7E85B}.Release|x86.Build.0 = Release|Win32
		{D741FBBC-63F3-4CB1-8DE0-A09A24E02291}.Debug|x64.ActiveCfg = Debug|x64
		{D741FBBC-63F3-4CB1-8DE0-A09A24E02291}.Debug|x64.Build.0 = Debug|x64
		{D741FBBC-63F3-4CB1-8DE0-A09A24E02291}.Debug|x86.ActiveCfg = Debug|Win32
		{D741FBBC-63F3-4CB1-8DE0-A09A24E02291}.Debug|x86.Build.0 = Debug|Win32
		{D741FBBC-63F3-4CB1-8DE0-A09A24E02291}.Release|x64.ActiveCfg = Release|x64
		{D741FBBC-63F3-4CB1-8DE0-A09A24E02291}.Release|x64.Build.0 = Release|x64
		{D741FBBC-63F3-4CB1-8DE0-A09A24E02291}.Release|x86.ActiveCfg = Release|Win32
		{D741FBBC-63F3-4CB1-8DE0-A09A24E02291}.Release|x86.Build.0 = Release|Win32
		{CD4B5E5C-EF0D-4AA2-A0F1-86CFF9380943}.Debug|x64.ActiveCfg = Debug|x64
		{CD4B5E5C-EF0D-4AA2-A0F1-86CFF9380943}.Debug|x64.Build.0 = Debug|x64
		{CD4B5E5C-EF0D-4AA2-A0F1-86CFF9380943}.Debug|x86.ActiveCfg = Debug|Win32
		{CD4B5E5C-EF0D-4AA2-A0F1-86CFF9380943}.Debug|x86.Build.0 = Debug|Win32
		{CD4B5E5C-EF0D-4AA2-A0F1-86CFF9380943}.Release|x64.ActiveCfg = Release|x64
		{CD4B5E5C-EF0D-4AA2-A0F1-86CFF9380943}.Release|x64.Build.0 = Release|x64
		{CD4B5E5C-EF0D-4AA2-A0F1-86CFF9380943}.Release|x86.ActiveCfg = Release|Win32
		{CD4B5E5C-EF0D-4AA2-A0F1-86CFF9380943}.Release|x86.Build.0 = Release|Win32
		{6A60E0D4-F0C4-4417-ADA8-40D993B50E7B}.Debug|x64.ActiveCfg = Debug|x64
		{6A60E0D4-F0C4-4417-ADA8-40D993B50E7B}.Debug|x64.Build.0 = Debug|x64
		{6A60E0D4-F0C4-4417-ADA8-40D993B50E7B}.Debug|x86.ActiveCfg = Debug|Win32
		{6A60E0D4-F0C4-4417-ADA8-40D993B50E7B}.Debug|x86.Build.0 = Debug|Win32
		{6A60E0D4-F0C4-4417-ADA8-40D993B50E7B}.Release|x64.ActiveCfg = Release|x64
		{6A60E0D4-F0C4-4417-ADA8-40D993B50E7B}.Release|x64.Build.0 = Release|x64
		{6A60E0D4-F0C4-4417-ADA8-40D993B50E7B}.Release|x86.ActiveCfg = Release|Win32
		{6A60E0D4-F0C4-4417-ADA8-40D993B50E7B}.Release|x86.Build.0 = Release|Win32
		{216B2845-D607-4D42-94A9-1DAA5CF42C43}.Debug|x64.ActiveCfg = Debug|x64
		{216B2845-D607-4D42-94A9-1DAA5CF42C43}.Debug|x64.Build.0 = Debug|x64
		{216B2845-D607-4D42-94A9-1DAA5CF42C43}.Debug|x86.ActiveCfg = Debug|Win32
		{216B2845-D607-4D42-94A9-1DAA5CF42C43}.Debug|x86.Build.0 = Debug|Win32
		{216B2845-D607-4D42-94A9-1DAA5CF42C43}.Release|x64.ActiveCfg = Release|x64
		{216B2845-D607-4D42-94A9-1DAA5CF42C43}.Release|x64.Build.0 = Release|x64
		{216B2845-D607-4D42-94A9-1DAA5CF42C43}.Release|x86.ActiveCfg = Release|Win32
		{216B2845-D607-4D42-94A9-1DAA5CF42C43}.Release|x86.Build.0 = Release|Win32
		{C328323A-E9AD-4BB1-99A0-86F8614E88C4}.Debug|x64.ActiveCfg = Debug|x64
		{C328323A-E9AD-4BB1-99A0-86F8614E88C4}.Debug|x64.Build.0 = Debug|x64
		{C328323A-E9AD-4BB1-99A0-86F8614E88C4}.Debug|x86.ActiveCfg = Debug|Win32
		{C328323A-E9AD-4BB1-99A0-86F8614E88C4}.Debug|x86.Build.0 = Debug|Win32
		{C328323A-E9AD-4BB1-99A0-86F8614E88C4}.Release|x64.ActiveCfg = Release|x64
		{C328323A-E9AD-4BB1-99A0-86F8614E88C4}.Release|x64.Build.0 = Release|x64
		{C328323A-E9AD-4BB1-99A0-86F8614E88C4}.Release|x86.ActiveCfg = Release|Win32
		{C328323A-E9AD-4BB1-99A0-86F8614E88C4}.Release|x86.Build.0 = Release|Win32
		{15652BE8-B8A8-4440-AEB1-B78C094DCC0C}.Debug|x64.ActiveCfg = Debug|x64
		{15652BE8-B8A8-4440-AEB1-B78C094DCC0C}.Debug|x64.Build.0 = Debug|x64
		{15652BE8-B8A8-4440-AEB1-B78C094DCC0C}.Debug|x86.ActiveCfg = Debug|Win32
		{15652BE8-B8A8-4440-AEB1-B78C094DCC0C}.Debug|x86.Build.0 = Debug|Win32
		{15652BE8-B8A8-4440-AEB1-B78C094DCC0C}.Release|x64.ActiveCfg = Release|x64
		{15652BE8-B8A8-4440-AEB1-B78C094DCC0C}.Release|x64.Build.0 = Release|x64
		{15652BE8-B8A8-4440-AEB1-B78C094DCC0C}.Release|x86.ActiveCfg = Release|Win32
		{15652BE8-B8A8-4440-AEB1-B78C094DCC0C}.Release|x86.Build.0 = Release|Win32
		{AE10E371-B73B-4B91-A7AD-3F54826D87E4}.Debug|x64.ActiveCfg = Debug|x64
		{AE10E371-B73B-4B91-A7AD-3F54826D87E4}.Debug|x64.Build.0 = Debug|x64
		{AE10E371-B73B-4B91-A7AD-3F54826D87E4}.Debug|x86.ActiveCfg = Debug|Win32
		{AE10E371-B73B-4B91-A7AD-3F54826D87E4}.Debug|x86.Build.0 = Debug|Win32
		{AE10E371-B73B-4B91-A7AD-3F54826D87E4}.Release|x64.ActiveCfg = Release|x64
		{AE10E371-B73B-4B91-A7AD-3F54826D87E4}.Release|x64.Build.0 = Release|x64
		{AE10E371-B73B-4B91-A7AD-3F54826D87E4}.Release|x86.ActiveCfg = Release|Win32
		{AE10E371-B73B-4B91-A7AD-3F54826D87E4}.Release|x86.Build.0 = Release|Win32
		{58E6ACE8-C4E9-4498-8C0B-07AE1B418988}.Debug|x64.ActiveCfg = Debug|x64
		{58E6ACE8-C4E9-4498-8C0B-07AE1B418988}.Debug|x64.Build.0 = Debug|x64
		{58E6ACE8-C4E9-4498-8C0B-07AE1B418988}.Debug|x86.ActiveCfg = Debug|Win32
		{58E6ACE8-C4E9-4498-8C0B-07AE1B418988}.Debug|x86.Build.0 = Debug|Win32
		{58E6ACE8-C4E9-4498-8C0B-07AE1B418988}.Release|x64.ActiveCfg = Release|x64
		{58E6ACE8-C4E9-4498-8C0B-07AE1B418988}.Release|x64.Build.0 = Release|x64
		{58E6ACE8-C4E9-4498-8C0B-07AE1B418988}.Release|x86.ActiveCfg = Release|Win32
		{58E6ACE8-C4E9-4498-8C0B-07AE1B418988}.Release|x86.Build.0 = Release|Win32
		{6E5165FC-5D92-45F0-BCFE-22C75D8B732A}.Debug|x64.ActiveCfg = Debug|x64
		{6E5165FC-5D92-45F0-BCFE-22C75D8B732A}.Debug|x64.Build.0 = Debug|x64
		{6E5165FC-5D92-45F0-BCFE-22C75D8B732A}.Debug|x86.ActiveCfg = Debug|Win32
		{6E5165FC-5D92-45F0-BCFE-22C75D8B732A}.Debug|x86.Build.0 = Debug|Win32
		{6E5165FC-5D92-45F0-BCFE-22C75D8B732A}.Release|x64.ActiveCfg = Release|x64
		{6E5165FC-5D92-45F0-BCFE-22C75D8B732A}.Release|x64.Build.0 = Release|x64
		{6E5165FC-5D92-45F0-BCFE-22C75D8B732A}.Release|x86.ActiveCfg = Release|Win32
		{6E5165FC-5D92-45F0-BCFE-22C75D8B732A}.Release|x86.Build.0 = Release|Win32
	EndGlobalSection
	GlobalSection(SolutionProperties) = preSolution
		HideSolutionNode = FALSE
	EndGlobalSection
	GlobalSection(ExtensibilityGlobals) = postSolution
		SolutionGuid = {8B1D453E-B46C-4551-A316-F045661FD869}
	EndGlobalSection
EndGlobal
