
Microsoft Visual Studio Solution File, Format Version 12.00
# Visual Studio Version 17
VisualStudioVersion = 17.8.34408.163
MinimumVisualStudioVersion = 10.0.40219.1
Project("{8BC9CEB8-8B4A-11D0-8D11-00A0C91BC942}") = "240709_대소문자바꿔서출력하기", "240709_대소문자바꿔서출력하기\240709_대소문자바꿔서출력하기.vcxproj", "{53463CDA-C801-4297-95E2-A53FD97C0BDC}"
EndProject
Project("{8BC9CEB8-8B4A-11D0-8D11-00A0C91BC942}") = "240710_특수문자출력_TIP", "240710_특수문자출력_TIP\240710_특수문자출력_TIP.vcxproj", "{D4C84DC6-1387-44F4-BD08-D2798C646F12}"
EndProject
Project("{8BC9CEB8-8B4A-11D0-8D11-00A0C91BC942}") = "240711_홀짝구분하기", "240711_홀짝구분하기\240711_홀짝구분하기.vcxproj", "{4A90593D-4DE9-4EDC-8852-27D5046B841F}"
EndProject
Project("{8BC9CEB8-8B4A-11D0-8D11-00A0C91BC942}") = "240712_문자열겹쳐쓰기", "240712_문자열겹쳐쓰기\240712_문자열겹쳐쓰기.vcxproj", "{D24C5DE1-5238-41EC-9CA4-533E4799387C}"
EndProject
Project("{8BC9CEB8-8B4A-11D0-8D11-00A0C91BC942}") = "240713_문자리스트문자열로변환", "240713_문자리스트문자열로변환\240713_문자리스트문자열로변환.vcxproj", "{3056762D-79C5-4423-82C4-DC6B0BD5478E}"
EndProject
Project("{8BC9CEB8-8B4A-11D0-8D11-00A0C91BC942}") = "240714_문자열곱하기", "240714_문자열곱하기\240714_문자열곱하기.vcxproj", "{869826F5-F701-4B8D-9578-138DF9DED949}"
EndProject
Project("{8BC9CEB8-8B4A-11D0-8D11-00A0C91BC942}") = "240715_더크게합치기", "240715_더크게합치기\240715_더크게합치기.vcxproj", "{FBEC9474-40D6-40E0-8749-654D7A3A07E1}"
EndProject
Project("{8BC9CEB8-8B4A-11D0-8D11-00A0C91BC942}") = "240716_문자열정수의합", "240716_문자열정수의합\240716_문자열정수의합.vcxproj", "{F4D3230E-2A02-4B0F-8DB2-F44C2DDC9A35}"
EndProject
Project("{8BC9CEB8-8B4A-11D0-8D11-00A0C91BC942}") = "240717_뒤에서5등위로", "240717_뒤에서5등위로\240717_뒤에서5등위로.vcxproj", "{B75C96D7-D7B1-44F4-A384-AF9E5FF6BB6E}"
EndProject
Project("{8BC9CEB8-8B4A-11D0-8D11-00A0C91BC942}") = "240718_배열비교하기", "240718_배열비교하기\240718_배열비교하기.vcxproj", "{120779AD-5DD6-42C3-8905-CB3170B459CA}"
EndProject
Project("{8BC9CEB8-8B4A-11D0-8D11-00A0C91BC942}") = "240719_rnyString", "240719_rnyString\240719_rnyString.vcxproj", "{4BAE830B-0E1A-45EE-A0D0-7838E80B5965}"
EndProject
Project("{8BC9CEB8-8B4A-11D0-8D11-00A0C91BC942}") = "240720_문자열바꿔서찾기", "240720_문자열바꿔서찾기\240720_문자열바꿔서찾기.vcxproj", "{AAB5E381-C2D2-4124-A4EB-BB9FE2B4D476}"
EndProject
Global
	GlobalSection(SolutionConfigurationPlatforms) = preSolution
		Debug|x64 = Debug|x64
		Debug|x86 = Debug|x86
		Release|x64 = Release|x64
		Release|x86 = Release|x86
	EndGlobalSection
	GlobalSection(ProjectConfigurationPlatforms) = postSolution
		{53463CDA-C801-4297-95E2-A53FD97C0BDC}.Debug|x64.ActiveCfg = Debug|x64
		{53463CDA-C801-4297-95E2-A53FD97C0BDC}.Debug|x64.Build.0 = Debug|x64
		{53463CDA-C801-4297-95E2-A53FD97C0BDC}.Debug|x86.ActiveCfg = Debug|Win32
		{53463CDA-C801-4297-95E2-A53FD97C0BDC}.Debug|x86.Build.0 = Debug|Win32
		{53463CDA-C801-4297-95E2-A53FD97C0BDC}.Release|x64.ActiveCfg = Release|x64
		{53463CDA-C801-4297-95E2-A53FD97C0BDC}.Release|x64.Build.0 = Release|x64
		{53463CDA-C801-4297-95E2-A53FD97C0BDC}.Release|x86.ActiveCfg = Release|Win32
		{53463CDA-C801-4297-95E2-A53FD97C0BDC}.Release|x86.Build.0 = Release|Win32
		{D4C84DC6-1387-44F4-BD08-D2798C646F12}.Debug|x64.ActiveCfg = Debug|x64
		{D4C84DC6-1387-44F4-BD08-D2798C646F12}.Debug|x64.Build.0 = Debug|x64
		{D4C84DC6-1387-44F4-BD08-D2798C646F12}.Debug|x86.ActiveCfg = Debug|Win32
		{D4C84DC6-1387-44F4-BD08-D2798C646F12}.Debug|x86.Build.0 = Debug|Win32
		{D4C84DC6-1387-44F4-BD08-D2798C646F12}.Release|x64.ActiveCfg = Release|x64
		{D4C84DC6-1387-44F4-BD08-D2798C646F12}.Release|x64.Build.0 = Release|x64
		{D4C84DC6-1387-44F4-BD08-D2798C646F12}.Release|x86.ActiveCfg = Release|Win32
		{D4C84DC6-1387-44F4-BD08-D2798C646F12}.Release|x86.Build.0 = Release|Win32
		{4A90593D-4DE9-4EDC-8852-27D5046B841F}.Debug|x64.ActiveCfg = Debug|x64
		{4A90593D-4DE9-4EDC-8852-27D5046B841F}.Debug|x64.Build.0 = Debug|x64
		{4A90593D-4DE9-4EDC-8852-27D5046B841F}.Debug|x86.ActiveCfg = Debug|Win32
		{4A90593D-4DE9-4EDC-8852-27D5046B841F}.Debug|x86.Build.0 = Debug|Win32
		{4A90593D-4DE9-4EDC-8852-27D5046B841F}.Release|x64.ActiveCfg = Release|x64
		{4A90593D-4DE9-4EDC-8852-27D5046B841F}.Release|x64.Build.0 = Release|x64
		{4A90593D-4DE9-4EDC-8852-27D5046B841F}.Release|x86.ActiveCfg = Release|Win32
		{4A90593D-4DE9-4EDC-8852-27D5046B841F}.Release|x86.Build.0 = Release|Win32
		{D24C5DE1-5238-41EC-9CA4-533E4799387C}.Debug|x64.ActiveCfg = Debug|x64
		{D24C5DE1-5238-41EC-9CA4-533E4799387C}.Debug|x64.Build.0 = Debug|x64
		{D24C5DE1-5238-41EC-9CA4-533E4799387C}.Debug|x86.ActiveCfg = Debug|Win32
		{D24C5DE1-5238-41EC-9CA4-533E4799387C}.Debug|x86.Build.0 = Debug|Win32
		{D24C5DE1-5238-41EC-9CA4-533E4799387C}.Release|x64.ActiveCfg = Release|x64
		{D24C5DE1-5238-41EC-9CA4-533E4799387C}.Release|x64.Build.0 = Release|x64
		{D24C5DE1-5238-41EC-9CA4-533E4799387C}.Release|x86.ActiveCfg = Release|Win32
		{D24C5DE1-5238-41EC-9CA4-533E4799387C}.Release|x86.Build.0 = Release|Win32
		{3056762D-79C5-4423-82C4-DC6B0BD5478E}.Debug|x64.ActiveCfg = Debug|x64
		{3056762D-79C5-4423-82C4-DC6B0BD5478E}.Debug|x64.Build.0 = Debug|x64
		{3056762D-79C5-4423-82C4-DC6B0BD5478E}.Debug|x86.ActiveCfg = Debug|Win32
		{3056762D-79C5-4423-82C4-DC6B0BD5478E}.Debug|x86.Build.0 = Debug|Win32
		{3056762D-79C5-4423-82C4-DC6B0BD5478E}.Release|x64.ActiveCfg = Release|x64
		{3056762D-79C5-4423-82C4-DC6B0BD5478E}.Release|x64.Build.0 = Release|x64
		{3056762D-79C5-4423-82C4-DC6B0BD5478E}.Release|x86.ActiveCfg = Release|Win32
		{3056762D-79C5-4423-82C4-DC6B0BD5478E}.Release|x86.Build.0 = Release|Win32
		{869826F5-F701-4B8D-9578-138DF9DED949}.Debug|x64.ActiveCfg = Debug|x64
		{869826F5-F701-4B8D-9578-138DF9DED949}.Debug|x64.Build.0 = Debug|x64
		{869826F5-F701-4B8D-9578-138DF9DED949}.Debug|x86.ActiveCfg = Debug|Win32
		{869826F5-F701-4B8D-9578-138DF9DED949}.Debug|x86.Build.0 = Debug|Win32
		{869826F5-F701-4B8D-9578-138DF9DED949}.Release|x64.ActiveCfg = Release|x64
		{869826F5-F701-4B8D-9578-138DF9DED949}.Release|x64.Build.0 = Release|x64
		{869826F5-F701-4B8D-9578-138DF9DED949}.Release|x86.ActiveCfg = Release|Win32
		{869826F5-F701-4B8D-9578-138DF9DED949}.Release|x86.Build.0 = Release|Win32
		{FBEC9474-40D6-40E0-8749-654D7A3A07E1}.Debug|x64.ActiveCfg = Debug|x64
		{FBEC9474-40D6-40E0-8749-654D7A3A07E1}.Debug|x64.Build.0 = Debug|x64
		{FBEC9474-40D6-40E0-8749-654D7A3A07E1}.Debug|x86.ActiveCfg = Debug|Win32
		{FBEC9474-40D6-40E0-8749-654D7A3A07E1}.Debug|x86.Build.0 = Debug|Win32
		{FBEC9474-40D6-40E0-8749-654D7A3A07E1}.Release|x64.ActiveCfg = Release|x64
		{FBEC9474-40D6-40E0-8749-654D7A3A07E1}.Release|x64.Build.0 = Release|x64
		{FBEC9474-40D6-40E0-8749-654D7A3A07E1}.Release|x86.ActiveCfg = Release|Win32
		{FBEC9474-40D6-40E0-8749-654D7A3A07E1}.Release|x86.Build.0 = Release|Win32
		{F4D3230E-2A02-4B0F-8DB2-F44C2DDC9A35}.Debug|x64.ActiveCfg = Debug|x64
		{F4D3230E-2A02-4B0F-8DB2-F44C2DDC9A35}.Debug|x64.Build.0 = Debug|x64
		{F4D3230E-2A02-4B0F-8DB2-F44C2DDC9A35}.Debug|x86.ActiveCfg = Debug|Win32
		{F4D3230E-2A02-4B0F-8DB2-F44C2DDC9A35}.Debug|x86.Build.0 = Debug|Win32
		{F4D3230E-2A02-4B0F-8DB2-F44C2DDC9A35}.Release|x64.ActiveCfg = Release|x64
		{F4D3230E-2A02-4B0F-8DB2-F44C2DDC9A35}.Release|x64.Build.0 = Release|x64
		{F4D3230E-2A02-4B0F-8DB2-F44C2DDC9A35}.Release|x86.ActiveCfg = Release|Win32
		{F4D3230E-2A02-4B0F-8DB2-F44C2DDC9A35}.Release|x86.Build.0 = Release|Win32
		{B75C96D7-D7B1-44F4-A384-AF9E5FF6BB6E}.Debug|x64.ActiveCfg = Debug|x64
		{B75C96D7-D7B1-44F4-A384-AF9E5FF6BB6E}.Debug|x64.Build.0 = Debug|x64
		{B75C96D7-D7B1-44F4-A384-AF9E5FF6BB6E}.Debug|x86.ActiveCfg = Debug|Win32
		{B75C96D7-D7B1-44F4-A384-AF9E5FF6BB6E}.Debug|x86.Build.0 = Debug|Win32
		{B75C96D7-D7B1-44F4-A384-AF9E5FF6BB6E}.Release|x64.ActiveCfg = Release|x64
		{B75C96D7-D7B1-44F4-A384-AF9E5FF6BB6E}.Release|x64.Build.0 = Release|x64
		{B75C96D7-D7B1-44F4-A384-AF9E5FF6BB6E}.Release|x86.ActiveCfg = Release|Win32
		{B75C96D7-D7B1-44F4-A384-AF9E5FF6BB6E}.Release|x86.Build.0 = Release|Win32
		{120779AD-5DD6-42C3-8905-CB3170B459CA}.Debug|x64.ActiveCfg = Debug|x64
		{120779AD-5DD6-42C3-8905-CB3170B459CA}.Debug|x64.Build.0 = Debug|x64
		{120779AD-5DD6-42C3-8905-CB3170B459CA}.Debug|x86.ActiveCfg = Debug|Win32
		{120779AD-5DD6-42C3-8905-CB3170B459CA}.Debug|x86.Build.0 = Debug|Win32
		{120779AD-5DD6-42C3-8905-CB3170B459CA}.Release|x64.ActiveCfg = Release|x64
		{120779AD-5DD6-42C3-8905-CB3170B459CA}.Release|x64.Build.0 = Release|x64
		{120779AD-5DD6-42C3-8905-CB3170B459CA}.Release|x86.ActiveCfg = Release|Win32
		{120779AD-5DD6-42C3-8905-CB3170B459CA}.Release|x86.Build.0 = Release|Win32
		{4BAE830B-0E1A-45EE-A0D0-7838E80B5965}.Debug|x64.ActiveCfg = Debug|x64
		{4BAE830B-0E1A-45EE-A0D0-7838E80B5965}.Debug|x64.Build.0 = Debug|x64
		{4BAE830B-0E1A-45EE-A0D0-7838E80B5965}.Debug|x86.ActiveCfg = Debug|Win32
		{4BAE830B-0E1A-45EE-A0D0-7838E80B5965}.Debug|x86.Build.0 = Debug|Win32
		{4BAE830B-0E1A-45EE-A0D0-7838E80B5965}.Release|x64.ActiveCfg = Release|x64
		{4BAE830B-0E1A-45EE-A0D0-7838E80B5965}.Release|x64.Build.0 = Release|x64
		{4BAE830B-0E1A-45EE-A0D0-7838E80B5965}.Release|x86.ActiveCfg = Release|Win32
		{4BAE830B-0E1A-45EE-A0D0-7838E80B5965}.Release|x86.Build.0 = Release|Win32
		{AAB5E381-C2D2-4124-A4EB-BB9FE2B4D476}.Debug|x64.ActiveCfg = Debug|x64
		{AAB5E381-C2D2-4124-A4EB-BB9FE2B4D476}.Debug|x64.Build.0 = Debug|x64
		{AAB5E381-C2D2-4124-A4EB-BB9FE2B4D476}.Debug|x86.ActiveCfg = Debug|Win32
		{AAB5E381-C2D2-4124-A4EB-BB9FE2B4D476}.Debug|x86.Build.0 = Debug|Win32
		{AAB5E381-C2D2-4124-A4EB-BB9FE2B4D476}.Release|x64.ActiveCfg = Release|x64
		{AAB5E381-C2D2-4124-A4EB-BB9FE2B4D476}.Release|x64.Build.0 = Release|x64
		{AAB5E381-C2D2-4124-A4EB-BB9FE2B4D476}.Release|x86.ActiveCfg = Release|Win32
		{AAB5E381-C2D2-4124-A4EB-BB9FE2B4D476}.Release|x86.Build.0 = Release|Win32
	EndGlobalSection
	GlobalSection(SolutionProperties) = preSolution
		HideSolutionNode = FALSE
	EndGlobalSection
	GlobalSection(ExtensibilityGlobals) = postSolution
		SolutionGuid = {8B1D453E-B46C-4551-A316-F045661FD869}
	EndGlobalSection
EndGlobal
