
Microsoft Visual Studio Solution File, Format Version 12.00
# Visual Studio Version 17
VisualStudioVersion = 17.8.34408.163
MinimumVisualStudioVersion = 10.0.40219.1
Project("{8BC9CEB8-8B4A-11D0-8D11-00A0C91BC942}") = "240627_N과M(9)", "240627_N과M(9)\240627_N과M(9).vcxproj", "{DDAF85EB-2FA9-4625-9829-A2EB8E4E41CB}"
EndProject
Project("{8BC9CEB8-8B4A-11D0-8D11-00A0C91BC942}") = "240628_N과M(1)", "240628_N과M(1)\240628_N과M(1).vcxproj", "{DC6762CC-CE7B-4ED9-8242-E4F29BD7633B}"
EndProject
Project("{8BC9CEB8-8B4A-11D0-8D11-00A0C91BC942}") = "240629_쇠막대기", "240629_쇠막대기\240629_쇠막대기.vcxproj", "{D05446CE-0D0E-41B0-9142-0CDE2305BCE8}"
EndProject
Project("{8BC9CEB8-8B4A-11D0-8D11-00A0C91BC942}") = "240630_새로운문자열만들기", "240630_새로운문자열만들기\240630_새로운문자열만들기.vcxproj", "{CEB2E92C-E65C-47A0-A287-AD3F1E1014C2}"
EndProject
Project("{8BC9CEB8-8B4A-11D0-8D11-00A0C91BC942}") = "240701_줄세우기", "240701_줄세우기\240701_줄세우기.vcxproj", "{FB4D58D8-E814-4B4F-93E6-1440F3FE0B45}"
EndProject
Project("{8BC9CEB8-8B4A-11D0-8D11-00A0C91BC942}") = "240702_좌표정렬하기", "240702_좌표정렬하기\240702_좌표정렬하기.vcxproj", "{BFCA31B3-38A5-4465-A292-CAF4BFBECC1F}"
EndProject
Project("{8BC9CEB8-8B4A-11D0-8D11-00A0C91BC942}") = "240703_보물", "240703_보물\240703_보물.vcxproj", "{B60DFAB3-E8C1-4635-B625-C548821B0A09}"
EndProject
Project("{8BC9CEB8-8B4A-11D0-8D11-00A0C91BC942}") = "240704_피보나치수", "240704_피보나치수\240704_피보나치수.vcxproj", "{0699F5EA-5ED5-4603-A77E-E27F745D2E96}"
EndProject
Project("{8BC9CEB8-8B4A-11D0-8D11-00A0C91BC942}") = "240705_2n타일링2", "240705_2n타일링2\240705_2n타일링2.vcxproj", "{07E5EEB1-E219-4213-AEE5-FB6EF1185ED4}"
EndProject
Global
	GlobalSection(SolutionConfigurationPlatforms) = preSolution
		Debug|x64 = Debug|x64
		Debug|x86 = Debug|x86
		Release|x64 = Release|x64
		Release|x86 = Release|x86
	EndGlobalSection
	GlobalSection(ProjectConfigurationPlatforms) = postSolution
		{DDAF85EB-2FA9-4625-9829-A2EB8E4E41CB}.Debug|x64.ActiveCfg = Debug|x64
		{DDAF85EB-2FA9-4625-9829-A2EB8E4E41CB}.Debug|x64.Build.0 = Debug|x64
		{DDAF85EB-2FA9-4625-9829-A2EB8E4E41CB}.Debug|x86.ActiveCfg = Debug|Win32
		{DDAF85EB-2FA9-4625-9829-A2EB8E4E41CB}.Debug|x86.Build.0 = Debug|Win32
		{DDAF85EB-2FA9-4625-9829-A2EB8E4E41CB}.Release|x64.ActiveCfg = Release|x64
		{DDAF85EB-2FA9-4625-9829-A2EB8E4E41CB}.Release|x64.Build.0 = Release|x64
		{DDAF85EB-2FA9-4625-9829-A2EB8E4E41CB}.Release|x86.ActiveCfg = Release|Win32
		{DDAF85EB-2FA9-4625-9829-A2EB8E4E41CB}.Release|x86.Build.0 = Release|Win32
		{DC6762CC-CE7B-4ED9-8242-E4F29BD7633B}.Debug|x64.ActiveCfg = Debug|x64
		{DC6762CC-CE7B-4ED9-8242-E4F29BD7633B}.Debug|x64.Build.0 = Debug|x64
		{DC6762CC-CE7B-4ED9-8242-E4F29BD7633B}.Debug|x86.ActiveCfg = Debug|Win32
		{DC6762CC-CE7B-4ED9-8242-E4F29BD7633B}.Debug|x86.Build.0 = Debug|Win32
		{DC6762CC-CE7B-4ED9-8242-E4F29BD7633B}.Release|x64.ActiveCfg = Release|x64
		{DC6762CC-CE7B-4ED9-8242-E4F29BD7633B}.Release|x64.Build.0 = Release|x64
		{DC6762CC-CE7B-4ED9-8242-E4F29BD7633B}.Release|x86.ActiveCfg = Release|Win32
		{DC6762CC-CE7B-4ED9-8242-E4F29BD7633B}.Release|x86.Build.0 = Release|Win32
		{D05446CE-0D0E-41B0-9142-0CDE2305BCE8}.Debug|x64.ActiveCfg = Debug|x64
		{D05446CE-0D0E-41B0-9142-0CDE2305BCE8}.Debug|x64.Build.0 = Debug|x64
		{D05446CE-0D0E-41B0-9142-0CDE2305BCE8}.Debug|x86.ActiveCfg = Debug|Win32
		{D05446CE-0D0E-41B0-9142-0CDE2305BCE8}.Debug|x86.Build.0 = Debug|Win32
		{D05446CE-0D0E-41B0-9142-0CDE2305BCE8}.Release|x64.ActiveCfg = Release|x64
		{D05446CE-0D0E-41B0-9142-0CDE2305BCE8}.Release|x64.Build.0 = Release|x64
		{D05446CE-0D0E-41B0-9142-0CDE2305BCE8}.Release|x86.ActiveCfg = Release|Win32
		{D05446CE-0D0E-41B0-9142-0CDE2305BCE8}.Release|x86.Build.0 = Release|Win32
		{CEB2E92C-E65C-47A0-A287-AD3F1E1014C2}.Debug|x64.ActiveCfg = Debug|x64
		{CEB2E92C-E65C-47A0-A287-AD3F1E1014C2}.Debug|x64.Build.0 = Debug|x64
		{CEB2E92C-E65C-47A0-A287-AD3F1E1014C2}.Debug|x86.ActiveCfg = Debug|Win32
		{CEB2E92C-E65C-47A0-A287-AD3F1E1014C2}.Debug|x86.Build.0 = Debug|Win32
		{CEB2E92C-E65C-47A0-A287-AD3F1E1014C2}.Release|x64.ActiveCfg = Release|x64
		{CEB2E92C-E65C-47A0-A287-AD3F1E1014C2}.Release|x64.Build.0 = Release|x64
		{CEB2E92C-E65C-47A0-A287-AD3F1E1014C2}.Release|x86.ActiveCfg = Release|Win32
		{CEB2E92C-E65C-47A0-A287-AD3F1E1014C2}.Release|x86.Build.0 = Release|Win32
		{FB4D58D8-E814-4B4F-93E6-1440F3FE0B45}.Debug|x64.ActiveCfg = Debug|x64
		{FB4D58D8-E814-4B4F-93E6-1440F3FE0B45}.Debug|x64.Build.0 = Debug|x64
		{FB4D58D8-E814-4B4F-93E6-1440F3FE0B45}.Debug|x86.ActiveCfg = Debug|Win32
		{FB4D58D8-E814-4B4F-93E6-1440F3FE0B45}.Debug|x86.Build.0 = Debug|Win32
		{FB4D58D8-E814-4B4F-93E6-1440F3FE0B45}.Release|x64.ActiveCfg = Release|x64
		{FB4D58D8-E814-4B4F-93E6-1440F3FE0B45}.Release|x64.Build.0 = Release|x64
		{FB4D58D8-E814-4B4F-93E6-1440F3FE0B45}.Release|x86.ActiveCfg = Release|Win32
		{FB4D58D8-E814-4B4F-93E6-1440F3FE0B45}.Release|x86.Build.0 = Release|Win32
		{BFCA31B3-38A5-4465-A292-CAF4BFBECC1F}.Debug|x64.ActiveCfg = Debug|x64
		{BFCA31B3-38A5-4465-A292-CAF4BFBECC1F}.Debug|x64.Build.0 = Debug|x64
		{BFCA31B3-38A5-4465-A292-CAF4BFBECC1F}.Debug|x86.ActiveCfg = Debug|Win32
		{BFCA31B3-38A5-4465-A292-CAF4BFBECC1F}.Debug|x86.Build.0 = Debug|Win32
		{BFCA31B3-38A5-4465-A292-CAF4BFBECC1F}.Release|x64.ActiveCfg = Release|x64
		{BFCA31B3-38A5-4465-A292-CAF4BFBECC1F}.Release|x64.Build.0 = Release|x64
		{BFCA31B3-38A5-4465-A292-CAF4BFBECC1F}.Release|x86.ActiveCfg = Release|Win32
		{BFCA31B3-38A5-4465-A292-CAF4BFBECC1F}.Release|x86.Build.0 = Release|Win32
		{B60DFAB3-E8C1-4635-B625-C548821B0A09}.Debug|x64.ActiveCfg = Debug|x64
		{B60DFAB3-E8C1-4635-B625-C548821B0A09}.Debug|x64.Build.0 = Debug|x64
		{B60DFAB3-E8C1-4635-B625-C548821B0A09}.Debug|x86.ActiveCfg = Debug|Win32
		{B60DFAB3-E8C1-4635-B625-C548821B0A09}.Debug|x86.Build.0 = Debug|Win32
		{B60DFAB3-E8C1-4635-B625-C548821B0A09}.Release|x64.ActiveCfg = Release|x64
		{B60DFAB3-E8C1-4635-B625-C548821B0A09}.Release|x64.Build.0 = Release|x64
		{B60DFAB3-E8C1-4635-B625-C548821B0A09}.Release|x86.ActiveCfg = Release|Win32
		{B60DFAB3-E8C1-4635-B625-C548821B0A09}.Release|x86.Build.0 = Release|Win32
		{0699F5EA-5ED5-4603-A77E-E27F745D2E96}.Debug|x64.ActiveCfg = Debug|x64
		{0699F5EA-5ED5-4603-A77E-E27F745D2E96}.Debug|x64.Build.0 = Debug|x64
		{0699F5EA-5ED5-4603-A77E-E27F745D2E96}.Debug|x86.ActiveCfg = Debug|Win32
		{0699F5EA-5ED5-4603-A77E-E27F745D2E96}.Debug|x86.Build.0 = Debug|Win32
		{0699F5EA-5ED5-4603-A77E-E27F745D2E96}.Release|x64.ActiveCfg = Release|x64
		{0699F5EA-5ED5-4603-A77E-E27F745D2E96}.Release|x64.Build.0 = Release|x64
		{0699F5EA-5ED5-4603-A77E-E27F745D2E96}.Release|x86.ActiveCfg = Release|Win32
		{0699F5EA-5ED5-4603-A77E-E27F745D2E96}.Release|x86.Build.0 = Release|Win32
		{07E5EEB1-E219-4213-AEE5-FB6EF1185ED4}.Debug|x64.ActiveCfg = Debug|x64
		{07E5EEB1-E219-4213-AEE5-FB6EF1185ED4}.Debug|x64.Build.0 = Debug|x64
		{07E5EEB1-E219-4213-AEE5-FB6EF1185ED4}.Debug|x86.ActiveCfg = Debug|Win32
		{07E5EEB1-E219-4213-AEE5-FB6EF1185ED4}.Debug|x86.Build.0 = Debug|Win32
		{07E5EEB1-E219-4213-AEE5-FB6EF1185ED4}.Release|x64.ActiveCfg = Release|x64
		{07E5EEB1-E219-4213-AEE5-FB6EF1185ED4}.Release|x64.Build.0 = Release|x64
		{07E5EEB1-E219-4213-AEE5-FB6EF1185ED4}.Release|x86.ActiveCfg = Release|Win32
		{07E5EEB1-E219-4213-AEE5-FB6EF1185ED4}.Release|x86.Build.0 = Release|Win32
	EndGlobalSection
	GlobalSection(SolutionProperties) = preSolution
		HideSolutionNode = FALSE
	EndGlobalSection
	GlobalSection(ExtensibilityGlobals) = postSolution
		SolutionGuid = {49612716-CE2C-4630-BB46-27522156D0E8}
	EndGlobalSection
EndGlobal
